
Microsoft Visual Studio Solution File, Format Version 12.00
# Visual Studio Version 17
VisualStudioVersion = 17.10.34928.147
MinimumVisualStudioVersion = 10.0.40219.1
Project("{2150E333-8FDC-42A3-9474-1A3956D46DE8}") = "Homework 2", "Homework 2", "{FA85605B-875E-481F-A90D-A025E539DB9F}"
EndProject
Project("{2150E333-8FDC-42A3-9474-1A3956D46DE8}") = "Homework 3", "Homework 3", "{AE6E692D-5E1D-4DF3-91D6-F4F488DB052C}"
EndProject
Project("{2150E333-8FDC-42A3-9474-1A3956D46DE8}") = "Homework 4", "Homework 4", "{008F9C87-4FA5-4781-A65D-07E14C7FA031}"
EndProject
Project("{2150E333-8FDC-42A3-9474-1A3956D46DE8}") = "Homework 5", "Homework 5", "{760522C2-8377-47EB-9AF0-B8219FB80814}"
EndProject
Project("{2150E333-8FDC-42A3-9474-1A3956D46DE8}") = "Homework 6", "Homework 6", "{C36BF7C8-CA0D-482B-B399-B3682C7B4746}"
	ProjectSection(SolutionItems) = preProject
		Homework 11\University1\Student.cs = Homework 11\University1\Student.cs
	EndProjectSection
EndProject
Project("{2150E333-8FDC-42A3-9474-1A3956D46DE8}") = "Homework 7", "Homework 7", "{E3CF15A9-C6A7-47FA-909B-1B48631A8984}"
EndProject
Project("{2150E333-8FDC-42A3-9474-1A3956D46DE8}") = "Homework 8", "Homework 8", "{3D60F384-9769-44B9-B6BF-5F3829BD867D}"
EndProject
Project("{2150E333-8FDC-42A3-9474-1A3956D46DE8}") = "Homework 9", "Homework 9", "{44E7B436-8290-469F-ABC1-4AAC38E2E390}"
EndProject
Project("{9A19103F-16F7-4668-BE54-9A1E7A4F7556}") = "Task_01_01", "Homework 2\Task_01_01\Task_01_01.csproj", "{9490A8FE-211A-4850-A7D5-3F0FD15C11C0}"
EndProject
Project("{9A19103F-16F7-4668-BE54-9A1E7A4F7556}") = "Task_01_02", "Homework 2\Task_01_02\Task_01_02.csproj", "{2B0A6E1C-C49B-40EF-8E6F-B7A3C68B0B3F}"
EndProject
Project("{9A19103F-16F7-4668-BE54-9A1E7A4F7556}") = "Task_01_03", "Homework 2\Task_01_03\Task_01_03.csproj", "{63295C69-A59F-4E1F-9F88-6A44373ABEF2}"
EndProject
Project("{9A19103F-16F7-4668-BE54-9A1E7A4F7556}") = "Task_01_04", "Homework 2\Task_01_04\Task_01_04.csproj", "{D80E7B63-605F-4E4D-9E0B-67E900642BB7}"
EndProject
Project("{9A19103F-16F7-4668-BE54-9A1E7A4F7556}") = "Task_02_01", "Homework 2\Task_02_01\Task_02_01.csproj", "{570EBB81-D785-4C8F-890F-A358508E8702}"
EndProject
Project("{9A19103F-16F7-4668-BE54-9A1E7A4F7556}") = "Task_02_02", "Homework 2\Task_02_02\Task_02_02.csproj", "{79AE1527-E80E-4362-8C12-C10A5BEE50CC}"
EndProject
Project("{9A19103F-16F7-4668-BE54-9A1E7A4F7556}") = "Task_02_03", "Homework 2\Task_02_03\Task_02_03.csproj", "{C2ED7743-1CAD-4A79-A5A8-18ED14C89995}"
EndProject
Project("{9A19103F-16F7-4668-BE54-9A1E7A4F7556}") = "Task_02_04", "Homework 2\Task_02_04\Task_02_04.csproj", "{110AA15A-2645-4F95-9147-28492F5BA62F}"
EndProject
Project("{9A19103F-16F7-4668-BE54-9A1E7A4F7556}") = "Task_01", "Homework 3\Task_01\Task_01.csproj", "{41DAE569-7DE0-4A61-A11A-45B624339079}"
EndProject
Project("{9A19103F-16F7-4668-BE54-9A1E7A4F7556}") = "Task_02", "Homework 3\Task_02\Task_02.csproj", "{9045EBBE-AEF7-47CF-8CDC-6E39594FC132}"
EndProject
Project("{9A19103F-16F7-4668-BE54-9A1E7A4F7556}") = "Task_03", "Homework 3\Task_03\Task_03.csproj", "{FC0653DA-9A9A-4519-B4BF-E83BAF4A9F70}"
EndProject
Project("{9A19103F-16F7-4668-BE54-9A1E7A4F7556}") = "Task_04", "Homework 3\Task_04\Task_04.csproj", "{DB3500EF-B3B2-45CC-B922-540AF9791BC3}"
EndProject
Project("{9A19103F-16F7-4668-BE54-9A1E7A4F7556}") = "Task_05", "Homework 3\Task_05\Task_05.csproj", "{C26DB1E7-CE36-434E-9A12-A318A29FDC46}"
EndProject
Project("{9A19103F-16F7-4668-BE54-9A1E7A4F7556}") = "Task_01", "Homework 4\Task_01\Task_01.csproj", "{696DB1D9-1AB4-430B-A000-4C8B98794F1B}"
EndProject
Project("{9A19103F-16F7-4668-BE54-9A1E7A4F7556}") = "Task_02", "Homework 4\Task_02\Task_02.csproj", "{70FD86D2-C3EB-4D59-8C59-D423477E9157}"
EndProject
Project("{9A19103F-16F7-4668-BE54-9A1E7A4F7556}") = "Task_03", "Homework 4\Task_03\Task_03.csproj", "{72D2BAA7-261D-422C-8DC2-A04D8370B9F3}"
EndProject
Project("{9A19103F-16F7-4668-BE54-9A1E7A4F7556}") = "Task_04", "Homework 4\Task_04\Task_04.csproj", "{026E870C-3655-497C-9781-659C0625427C}"
EndProject
Project("{9A19103F-16F7-4668-BE54-9A1E7A4F7556}") = "Task_05", "Homework 4\Task_05\Task_05.csproj", "{3C93C463-C377-4287-8D2D-BBADF3A7A3B8}"
EndProject
Project("{9A19103F-16F7-4668-BE54-9A1E7A4F7556}") = "Task_06", "Homework 4\Task_06\Task_06.csproj", "{63E6EA88-2F8D-40F5-8073-B5B2E32FED33}"
EndProject
Project("{9A19103F-16F7-4668-BE54-9A1E7A4F7556}") = "Task_07", "Homework 4\Task_07\Task_07.csproj", "{F7E0BC14-DAC8-4762-A7CF-2F46E327631F}"
EndProject
Project("{9A19103F-16F7-4668-BE54-9A1E7A4F7556}") = "Task_08", "Homework 4\Task_08\Task_08.csproj", "{CD8A6CBD-7FA0-4496-BE9E-FA634F24B5FC}"
EndProject
Project("{9A19103F-16F7-4668-BE54-9A1E7A4F7556}") = "Task_09", "Homework 4\Task_09\Task_09.csproj", "{585CFB36-65AD-4998-AAA2-EE52948C1BE7}"
EndProject
Project("{9A19103F-16F7-4668-BE54-9A1E7A4F7556}") = "Task_10", "Homework 4\Task_10\Task_10.csproj", "{59E10E83-6FBA-4049-AB95-112B3B248C9B}"
EndProject
Project("{9A19103F-16F7-4668-BE54-9A1E7A4F7556}") = "Task_11", "Homework 4\Task_11\Task_11.csproj", "{BBD87625-FCA4-4E53-9C86-B8AF1B810B76}"
EndProject
Project("{9A19103F-16F7-4668-BE54-9A1E7A4F7556}") = "Task_12", "Homework 4\Task_12\Task_12.csproj", "{CD9BFDD9-7856-46C9-82AB-29E6D663F016}"
EndProject
Project("{9A19103F-16F7-4668-BE54-9A1E7A4F7556}") = "Task_13", "Homework 4\Task_13\Task_13.csproj", "{CBEC7FDE-5C53-4957-9126-C498E7CC88BB}"
EndProject
Project("{9A19103F-16F7-4668-BE54-9A1E7A4F7556}") = "Task_01", "Homework 5\Task_01\Task_01.csproj", "{D23B5630-3EC6-4549-9F34-A5651223C1D1}"
EndProject
Project("{9A19103F-16F7-4668-BE54-9A1E7A4F7556}") = "Task_02", "Homework 5\Task_02\Task_02.csproj", "{6D272E38-FAA0-4C21-8274-78B5F67F8A46}"
EndProject
Project("{9A19103F-16F7-4668-BE54-9A1E7A4F7556}") = "Task_03", "Homework 5\Task_03\Task_03.csproj", "{D9718BEA-AFB3-40BA-A193-687F17458B65}"
EndProject
Project("{9A19103F-16F7-4668-BE54-9A1E7A4F7556}") = "Task_04", "Homework 5\Task_04\Task_04.csproj", "{2F4DE985-0689-469E-A56F-E7BB35BD5473}"
EndProject
Project("{9A19103F-16F7-4668-BE54-9A1E7A4F7556}") = "Task_05", "Homework 5\Task_05\Task_05.csproj", "{13FDBCA0-7727-4892-9202-E4393AE6BF36}"
EndProject
Project("{9A19103F-16F7-4668-BE54-9A1E7A4F7556}") = "Task_06", "Homework 5\Task_06\Task_06.csproj", "{3F0BC065-3520-40C0-A047-E713B2337484}"
EndProject
Project("{9A19103F-16F7-4668-BE54-9A1E7A4F7556}") = "Task_07", "Homework 5\Task_07\Task_07.csproj", "{A7A9AA7D-6DDC-42AB-BC09-1A1CE16D747D}"
EndProject
Project("{9A19103F-16F7-4668-BE54-9A1E7A4F7556}") = "Task_08", "Homework 5\Task_08\Task_08.csproj", "{17085677-0ADF-4600-983F-FB29B2F279D1}"
EndProject
Project("{9A19103F-16F7-4668-BE54-9A1E7A4F7556}") = "Task_09", "Homework 5\Task_09\Task_09.csproj", "{9017C4B8-3A35-4BEB-A79F-27CDE0859F62}"
EndProject
Project("{9A19103F-16F7-4668-BE54-9A1E7A4F7556}") = "Task_10", "Homework 5\Task_10\Task_10.csproj", "{68C5B788-A1F3-4053-BE95-825084ACB5B7}"
EndProject
Project("{9A19103F-16F7-4668-BE54-9A1E7A4F7556}") = "Task_11", "Homework 5\Task_11\Task_11.csproj", "{296F5A27-9EFB-4E71-B619-280586437016}"
EndProject
Project("{9A19103F-16F7-4668-BE54-9A1E7A4F7556}") = "Task_12", "Homework 5\Task_12\Task_12.csproj", "{18A94A17-DCA2-4264-B132-A22E351F4535}"
EndProject
Project("{9A19103F-16F7-4668-BE54-9A1E7A4F7556}") = "Task_13", "Homework 5\Task_13\Task_13.csproj", "{64F0E385-C4C9-4F6E-A1B0-4995F78E14BC}"
EndProject
Project("{9A19103F-16F7-4668-BE54-9A1E7A4F7556}") = "Task_14", "Homework 5\Task_14\Task_14.csproj", "{3EC40F19-CE68-4FBB-8184-1D5F9C6E6444}"
EndProject
Project("{9A19103F-16F7-4668-BE54-9A1E7A4F7556}") = "Task_15", "Homework 5\Task_15\Task_15.csproj", "{3DA42707-949A-4CE9-BC80-BB8CB33603EF}"
EndProject
Project("{9A19103F-16F7-4668-BE54-9A1E7A4F7556}") = "Task_16", "Homework 5\Task_16\Task_16.csproj", "{EA9E0C7C-9ABB-47F1-A187-ADD5B03A9AFA}"
EndProject
Project("{9A19103F-16F7-4668-BE54-9A1E7A4F7556}") = "Task_17", "Homework 5\Task_17\Task_17.csproj", "{76512A44-2D86-497A-9F3F-692A0808063C}"
EndProject
Project("{9A19103F-16F7-4668-BE54-9A1E7A4F7556}") = "Task_18", "Homework 5\Task_18\Task_18.csproj", "{B9F05718-80F3-41FD-875A-20011B45631B}"
EndProject
Project("{9A19103F-16F7-4668-BE54-9A1E7A4F7556}") = "Task_19", "Homework 5\Task_19\Task_19.csproj", "{9B53C505-60B9-4105-AD65-B6C2F11DC0CA}"
EndProject
Project("{9A19103F-16F7-4668-BE54-9A1E7A4F7556}") = "Task_20", "Homework 5\Task_20\Task_20.csproj", "{2E9B5169-95D7-42D9-B196-DBA994838B3F}"
EndProject
Project("{9A19103F-16F7-4668-BE54-9A1E7A4F7556}") = "Task_01", "Homework 6\Task_01\Task_01.csproj", "{88CC511D-0C49-4E93-B9B4-1344AA6D0D1B}"
EndProject
Project("{9A19103F-16F7-4668-BE54-9A1E7A4F7556}") = "Task_02", "Homework 6\Task_02\Task_02.csproj", "{032BD219-927E-4744-905C-D77C39A31DEE}"
EndProject
Project("{9A19103F-16F7-4668-BE54-9A1E7A4F7556}") = "Task_03", "Homework 6\Task_03\Task_03.csproj", "{E1EB8E98-3CE5-4D1C-9C49-F1A07A65AD4B}"
EndProject
Project("{9A19103F-16F7-4668-BE54-9A1E7A4F7556}") = "Task_04", "Homework 6\Task_04\Task_04.csproj", "{41B2127E-5555-4E73-88B5-A51E15AB31E6}"
EndProject
Project("{9A19103F-16F7-4668-BE54-9A1E7A4F7556}") = "Task_05", "Homework 6\Task_05\Task_05.csproj", "{C3DA6B2D-FE49-403C-8538-F2C1F78C8D17}"
EndProject
Project("{9A19103F-16F7-4668-BE54-9A1E7A4F7556}") = "Task_06", "Homework 6\Task_06\Task_06.csproj", "{8A6D7BFE-297C-474D-B771-2EE3D1DF4AC6}"
EndProject
Project("{9A19103F-16F7-4668-BE54-9A1E7A4F7556}") = "Task_07", "Homework 6\Task_07\Task_07.csproj", "{4DF31C78-2BE2-43F1-9327-7AB68BA919EA}"
EndProject
Project("{9A19103F-16F7-4668-BE54-9A1E7A4F7556}") = "Task_08", "Homework 6\Task_08\Task_08.csproj", "{F712B97D-92FB-44DC-85B8-CF63AD7FEA5D}"
EndProject
Project("{9A19103F-16F7-4668-BE54-9A1E7A4F7556}") = "Task_09", "Homework 6\Task_09\Task_09.csproj", "{DDA7ED32-02C3-453B-B361-31B8C09E00DC}"
EndProject
Project("{9A19103F-16F7-4668-BE54-9A1E7A4F7556}") = "Task_10", "Homework 6\Task_10\Task_10.csproj", "{B7445049-C5AF-4E76-9BE7-721C7C5500F6}"
EndProject
Project("{9A19103F-16F7-4668-BE54-9A1E7A4F7556}") = "Task_01", "Homework 7\Task_01\Task_01.csproj", "{7D22669D-DB03-4DFB-85CC-2255FBB14814}"
EndProject
Project("{9A19103F-16F7-4668-BE54-9A1E7A4F7556}") = "Task_02", "Homework 7\Task_02\Task_02.csproj", "{416E685F-3C16-48DC-893E-5EDE7DA851E4}"
EndProject
Project("{9A19103F-16F7-4668-BE54-9A1E7A4F7556}") = "Task_03", "Homework 7\Task_03\Task_03.csproj", "{AAB792C6-116D-472F-B1B0-63DECD1D3308}"
EndProject
Project("{9A19103F-16F7-4668-BE54-9A1E7A4F7556}") = "Task_04", "Homework 7\Task_04\Task_04.csproj", "{64077418-9EBF-4DA7-AD0F-7CACE2FCE408}"
EndProject
Project("{9A19103F-16F7-4668-BE54-9A1E7A4F7556}") = "Task_05", "Homework 7\Task_05\Task_05.csproj", "{E53651B8-2AC8-4528-890E-6E16278EADBA}"
EndProject
Project("{9A19103F-16F7-4668-BE54-9A1E7A4F7556}") = "Task_06", "Homework 7\Task_06\Task_06.csproj", "{FE3415F1-AFA5-40B5-8EF7-6A20DF805791}"
EndProject
Project("{9A19103F-16F7-4668-BE54-9A1E7A4F7556}") = "Task_07", "Homework 7\Task_07\Task_07.csproj", "{7060DF7E-92F4-460B-92A6-121B93009006}"
EndProject
Project("{9A19103F-16F7-4668-BE54-9A1E7A4F7556}") = "Task_08", "Homework 7\Task_08\Task_08.csproj", "{10BDCA71-160A-44F1-8995-9F6C8F658495}"
EndProject
Project("{9A19103F-16F7-4668-BE54-9A1E7A4F7556}") = "Task_09", "Homework 7\Task_09\Task_09.csproj", "{7A905F87-0A0F-47D1-A95F-5E9216EBAD49}"
EndProject
Project("{9A19103F-16F7-4668-BE54-9A1E7A4F7556}") = "Task_10", "Homework 7\Task_10\Task_10.csproj", "{E0E72750-CF8C-40CB-846C-05573E784134}"
EndProject
Project("{9A19103F-16F7-4668-BE54-9A1E7A4F7556}") = "Task_11", "Homework 7\Task_11\Task_11.csproj", "{2364F00F-1DBF-454B-9C04-4158ACCE954F}"
EndProject
Project("{9A19103F-16F7-4668-BE54-9A1E7A4F7556}") = "Task_01", "Homework 8\Task_01\Task_01.csproj", "{A800BA22-C7DE-47D6-850E-751AE8AE5AA0}"
EndProject
Project("{9A19103F-16F7-4668-BE54-9A1E7A4F7556}") = "Task_02", "Homework 8\Task_02\Task_02.csproj", "{DE9332EB-AFD0-4FE4-A9EF-DCD82917F8A4}"
EndProject
Project("{9A19103F-16F7-4668-BE54-9A1E7A4F7556}") = "Task_04", "Homework 8\Task_04\Task_04.csproj", "{FF5ACD71-F842-442B-A94C-5BD3EA163B36}"
EndProject
Project("{9A19103F-16F7-4668-BE54-9A1E7A4F7556}") = "Task_05", "Homework 8\Task_05\Task_05.csproj", "{73F27658-C883-4BEC-B674-E0A68C1BF49D}"
EndProject
Project("{9A19103F-16F7-4668-BE54-9A1E7A4F7556}") = "Task_06", "Homework 8\Task_06\Task_06.csproj", "{07CDE199-D3AC-4948-A8E9-55997E7795BC}"
EndProject
Project("{9A19103F-16F7-4668-BE54-9A1E7A4F7556}") = "Task_07", "Homework 8\Task_07\Task_07.csproj", "{824C2F72-480D-40FF-945E-6CEF21D8E0D6}"
EndProject
Project("{9A19103F-16F7-4668-BE54-9A1E7A4F7556}") = "Task_03", "Homework 8\Task_03\Task_03.csproj", "{DD0320BE-DA22-4853-B54E-8C1A4ECA8BEB}"
EndProject
Project("{9A19103F-16F7-4668-BE54-9A1E7A4F7556}") = "Task_08", "Homework 8\Task_08\Task_08.csproj", "{39BD506D-B70D-4764-AE63-3767C615ACBE}"
EndProject
Project("{9A19103F-16F7-4668-BE54-9A1E7A4F7556}") = "Task_09", "Homework 8\Task_09\Task_09.csproj", "{A81AD479-C793-4DED-B881-F2AE66F9938F}"
EndProject
Project("{9A19103F-16F7-4668-BE54-9A1E7A4F7556}") = "Task_10", "Homework 8\Task_10\Task_10.csproj", "{1C603388-C7B6-4675-96C4-90A0D00199EF}"
EndProject
Project("{9A19103F-16F7-4668-BE54-9A1E7A4F7556}") = "Task_11", "Homework 8\Task_11\Task_11.csproj", "{BD096858-B9E2-4CAA-812A-B774BB53E626}"
EndProject
Project("{9A19103F-16F7-4668-BE54-9A1E7A4F7556}") = "Task_12", "Homework 8\Task_12\Task_12.csproj", "{139C32D3-1101-4792-B6FD-087371FD6602}"
EndProject
Project("{9A19103F-16F7-4668-BE54-9A1E7A4F7556}") = "Task_13", "Homework 8\Task_13\Task_13.csproj", "{359D36BB-078D-4215-A5F5-CA57013B7F21}"
EndProject
Project("{9A19103F-16F7-4668-BE54-9A1E7A4F7556}") = "Task_14", "Homework 8\Task_14\Task_14.csproj", "{53A34F93-6C80-4B9A-A60E-DB13DB56E99B}"
EndProject
Project("{9A19103F-16F7-4668-BE54-9A1E7A4F7556}") = "Task_15", "Homework 8\Task_15\Task_15.csproj", "{141067A5-E211-4F30-A185-FD72410CDB5E}"
EndProject
Project("{9A19103F-16F7-4668-BE54-9A1E7A4F7556}") = "Task_16", "Homework 8\Task_16\Task_16.csproj", "{D253136E-D1F1-4992-8DDA-136332304D8E}"
EndProject
Project("{9A19103F-16F7-4668-BE54-9A1E7A4F7556}") = "Task_17", "Homework 8\Task_17\Task_17.csproj", "{13ECEBA5-13AF-4BA0-981D-6DCB08836C36}"
EndProject
Project("{9A19103F-16F7-4668-BE54-9A1E7A4F7556}") = "Task_18", "Homework 8\Task_18\Task_18.csproj", "{01268C45-553B-4255-8980-BB6F99679432}"
EndProject
Project("{9A19103F-16F7-4668-BE54-9A1E7A4F7556}") = "Task_19", "Homework 8\Task_19\Task_19.csproj", "{409AF376-26A0-4E0C-908A-0149F48BEEA8}"
EndProject
Project("{9A19103F-16F7-4668-BE54-9A1E7A4F7556}") = "Task_20", "Homework 8\Task_20\Task_20.csproj", "{890BA91D-8734-4E23-AB6F-EACF7830A44D}"
EndProject
Project("{9A19103F-16F7-4668-BE54-9A1E7A4F7556}") = "Task_21", "Homework 8\Task_21\Task_21.csproj", "{79778670-627F-45F5-B049-CCF420922251}"
EndProject
Project("{9A19103F-16F7-4668-BE54-9A1E7A4F7556}") = "Task_01", "Homework 9\Task_01\Task_01.csproj", "{6FC80688-92B8-4A94-8FDB-0739BA2C0AB2}"
EndProject
Project("{9A19103F-16F7-4668-BE54-9A1E7A4F7556}") = "Task_02", "Homework 9\Task_02\Task_02.csproj", "{7F509705-BE47-4D50-B074-1C9A6AB6E025}"
EndProject
Project("{9A19103F-16F7-4668-BE54-9A1E7A4F7556}") = "Task_03", "Homework 9\Task_03\Task_03.csproj", "{F17D69CF-2153-4C2B-93E1-0384E86F612D}"
EndProject
Project("{9A19103F-16F7-4668-BE54-9A1E7A4F7556}") = "Task_04", "Homework 9\Task_04\Task_04.csproj", "{5360A01A-A3AE-4536-B07F-9B5013E26674}"
EndProject
Project("{9A19103F-16F7-4668-BE54-9A1E7A4F7556}") = "Task_05", "Homework 9\Task_05\Task_05.csproj", "{5C5B4B43-A3DE-443D-915C-E1BB37114881}"
EndProject
Project("{9A19103F-16F7-4668-BE54-9A1E7A4F7556}") = "Task_06", "Homework 9\Task_06\Task_06.csproj", "{54263692-52E7-4565-BCE6-EA897A91FFDF}"
EndProject
Project("{9A19103F-16F7-4668-BE54-9A1E7A4F7556}") = "Task_07", "Homework 9\Task_07\Task_07.csproj", "{A82D7276-6A3F-4868-A406-0758A9C5A14D}"
EndProject
Project("{9A19103F-16F7-4668-BE54-9A1E7A4F7556}") = "Task_08", "Homework 9\Task_08\Task_08.csproj", "{12BE4987-31AA-4DAA-AA59-5738FE33C9B3}"
EndProject
Project("{2150E333-8FDC-42A3-9474-1A3956D46DE8}") = "Homework 1", "Homework 1", "{2A935D48-0B23-4E5B-ABB9-201B3FFBD94A}"
EndProject
Project("{FAE04EC0-301F-11D3-BF4B-00C04F79EFBC}") = "char project", "Homework 1\char project\char project.csproj", "{A5BE71B9-D354-454E-8B19-184629734B0A}"
EndProject
Project("{FAE04EC0-301F-11D3-BF4B-00C04F79EFBC}") = "ConsoleApp1", "Homework 1\ConsoleApp1\ConsoleApp1.csproj", "{2D7F3EDF-7E2D-40D0-8C8C-FCA008A0BCFA}"
EndProject
Project("{FAE04EC0-301F-11D3-BF4B-00C04F79EFBC}") = "different data type assigned to int", "Homework 1\different data type assigned to int\different data type assigned to int.csproj", "{9E5D520F-B817-4B00-BC62-A3717A73E166}"
EndProject
Project("{FAE04EC0-301F-11D3-BF4B-00C04F79EFBC}") = "int_greater_than_2147483647", "Homework 1\int_greater_than_2147483647\int_greater_than_2147483647.csproj", "{9EA94F86-53BA-4C54-9964-69AFF0BD3634}"
EndProject
Project("{FAE04EC0-301F-11D3-BF4B-00C04F79EFBC}") = "int_in_correct_range", "Homework 1\int_in_correct_range\int_in_correct_range.csproj", "{2EFBEA20-3D64-4313-B7DB-CAB563CFD46A}"
EndProject
Project("{FAE04EC0-301F-11D3-BF4B-00C04F79EFBC}") = "work_with_strings", "Homework 1\work_with_strings\work_with_strings.csproj", "{EB811541-264A-4E5B-A1F1-1C119D71A2ED}"
EndProject
Project("{9A19103F-16F7-4668-BE54-9A1E7A4F7556}") = "Task_01", "Homework 10\Task_01\Task_01.csproj", "{3D47DE3F-B87E-4061-BF4B-F3AB825FD50A}"
EndProject
Project("{2150E333-8FDC-42A3-9474-1A3956D46DE8}") = "Homework 10", "Homework 10", "{63C36608-D945-48D9-8270-F10CFC043DC1}"
EndProject
Project("{9A19103F-16F7-4668-BE54-9A1E7A4F7556}") = "Task_02", "Homework 10\Task_02\Task_02.csproj", "{7AADB83D-0E0C-47AB-82B4-6E4224DCA053}"
EndProject
Project("{9A19103F-16F7-4668-BE54-9A1E7A4F7556}") = "Task_03", "Homework 10\Task_03\Task_03.csproj", "{41877D60-B219-47ED-918D-EC8A228F22C8}"
EndProject
Project("{9A19103F-16F7-4668-BE54-9A1E7A4F7556}") = "Task_04", "Homework 10\Task_04\Task_04.csproj", "{8205F8A5-4BF9-4EA7-B5E6-2F40E344486D}"
EndProject
Project("{9A19103F-16F7-4668-BE54-9A1E7A4F7556}") = "Task_05", "Homework 10\Task_05\Task_05.csproj", "{2043EFD5-077F-41D1-A82A-F108C3F3F380}"
EndProject
Project("{9A19103F-16F7-4668-BE54-9A1E7A4F7556}") = "Task_06", "Homework 10\Task_06\Task_06.csproj", "{71F2AE17-D52A-4629-8F83-08D34BFACE81}"
EndProject
Project("{9A19103F-16F7-4668-BE54-9A1E7A4F7556}") = "Task_07", "Homework 10\Task_07\Task_07.csproj", "{57884186-3D92-40AE-AF27-838EC79309AD}"
EndProject
Project("{9A19103F-16F7-4668-BE54-9A1E7A4F7556}") = "Task_08", "Homework 10\Task_08\Task_08.csproj", "{629FF254-B548-440F-8E2F-BE0E02193499}"
EndProject
Project("{9A19103F-16F7-4668-BE54-9A1E7A4F7556}") = "Task_10", "Homework 10\Task_10\Task_10.csproj", "{ACD5A76E-2878-41D5-B8CE-1F850A14B2AB}"
EndProject
Project("{9A19103F-16F7-4668-BE54-9A1E7A4F7556}") = "Task_11", "Homework 10\Task_11\Task_11.csproj", "{1F24E373-77D8-4B5D-94BC-EE1226707046}"
EndProject
Project("{9A19103F-16F7-4668-BE54-9A1E7A4F7556}") = "Task_12", "Homework 10\Task_12\Task_12.csproj", "{2F054A12-1AEC-4FAA-9FAC-F3A88E17EF08}"
EndProject
Project("{9A19103F-16F7-4668-BE54-9A1E7A4F7556}") = "Task_13", "Homework 10\Task_13\Task_13.csproj", "{9FB94DD6-B124-491F-8A61-2AFC977D022D}"
EndProject
Project("{9A19103F-16F7-4668-BE54-9A1E7A4F7556}") = "Task_14", "Homework 10\Task_14\Task_14.csproj", "{CD98F88A-7147-4A2A-BD56-0E1901B302B9}"
EndProject
Project("{9A19103F-16F7-4668-BE54-9A1E7A4F7556}") = "Task_09", "Homework 10\Task_09\Task_09.csproj", "{9831D6B6-CE43-4969-B732-BA9B431506DA}"
EndProject
Project("{2150E333-8FDC-42A3-9474-1A3956D46DE8}") = "Homework 11", "Homework 11", "{4C6E3977-351D-43A3-A6EA-9DA2272B7D00}"
EndProject
Project("{9A19103F-16F7-4668-BE54-9A1E7A4F7556}") = "University", "Homework 11\University\University.csproj", "{833D41F8-CC85-4BE5-8B39-9A6212872AA4}"
EndProject
Project("{9A19103F-16F7-4668-BE54-9A1E7A4F7556}") = "Task_01", "Homework 11\Task_01\Task_01.csproj", "{A434A2C4-59EF-47A8-A25B-8B39DB511502}"
EndProject
Project("{9A19103F-16F7-4668-BE54-9A1E7A4F7556}") = "Task_02", "Homework 11\Task_02\Task_02.csproj", "{43304F24-33C4-403E-B116-FEF41B4BB34F}"
EndProject
Project("{9A19103F-16F7-4668-BE54-9A1E7A4F7556}") = "Task_03", "Homework 11\Task_03\Task_03.csproj", "{0FB3C70E-A36A-40A0-BC80-253698DCCF8B}"
EndProject
Project("{9A19103F-16F7-4668-BE54-9A1E7A4F7556}") = "Task_04", "Homework 11\Task_04\Task_04.csproj", "{0ADE1582-B9B9-4036-B0C2-0F28428ECB2E}"
EndProject
Project("{9A19103F-16F7-4668-BE54-9A1E7A4F7556}") = "Task_05", "Homework 11\Task_05\Task_05.csproj", "{01D2AB91-AE06-447F-92BF-95F106E2CC46}"
EndProject
Project("{9A19103F-16F7-4668-BE54-9A1E7A4F7556}") = "Task_06", "Homework 11\Task_06\Task_06.csproj", "{4A79EC72-D30D-4430-9AF7-B4439BCE1D71}"
EndProject
Project("{9A19103F-16F7-4668-BE54-9A1E7A4F7556}") = "Task_07", "Homework 11\Task_07\Task_07.csproj", "{EE0481A4-1355-4018-A38A-1D2871FC5805}"
EndProject
Project("{9A19103F-16F7-4668-BE54-9A1E7A4F7556}") = "Task_08", "Homework 11\Task_08\Task_08.csproj", "{4B205444-B18C-4CCD-B91F-916763CE3334}"
EndProject
Project("{9A19103F-16F7-4668-BE54-9A1E7A4F7556}") = "Task_09", "Homework 11\Task_09\Task_09.csproj", "{E07703D4-6783-4CC8-9EB1-1D3E415D76B4}"
EndProject
Project("{9A19103F-16F7-4668-BE54-9A1E7A4F7556}") = "Task_10", "Homework 11\Task_10\Task_10.csproj", "{03119871-4BF5-461D-B1AF-7E8E0794FE39}"
EndProject
Project("{9A19103F-16F7-4668-BE54-9A1E7A4F7556}") = "Task_11", "Homework 11\Task_11\Task_11.csproj", "{91C79C58-A81A-43EB-BE58-59BBB89D84A4}"
EndProject
Project("{9A19103F-16F7-4668-BE54-9A1E7A4F7556}") = "Task_12", "Homework 11\Task_12\Task_12.csproj", "{980FDDA6-C566-4305-BE29-A74FD3215FA7}"
EndProject
Project("{9A19103F-16F7-4668-BE54-9A1E7A4F7556}") = "Task_13", "Homework 11\Task_13\Task_13.csproj", "{4D8C9581-78C2-4AA0-B206-9B8541E28B75}"
EndProject
Project("{9A19103F-16F7-4668-BE54-9A1E7A4F7556}") = "Task_14", "Homework 11\Task_14\Task_14.csproj", "{1495A9A0-C9AC-481B-BBA0-B3AA7E3ED8CC}"
EndProject
Project("{9A19103F-16F7-4668-BE54-9A1E7A4F7556}") = "Task_15", "Homework 11\Task_15\Task_15.csproj", "{1A69C701-6088-4044-9468-DA197BE37C16}"
EndProject
Project("{9A19103F-16F7-4668-BE54-9A1E7A4F7556}") = "Copying the struct members", "Homework 11\Copying the struct members\Copying the struct members.csproj", "{440EE0A6-DD7C-4602-931F-C016C154425C}"
EndProject
Project("{2150E333-8FDC-42A3-9474-1A3956D46DE8}") = "Homework 12", "Homework 12", "{4415AD0C-D56F-4D69-819A-41C6972FC2E1}"
EndProject
Project("{FAE04EC0-301F-11D3-BF4B-00C04F79EFBC}") = "University", "Homework 12\University\University.csproj", "{A5E92D40-20A4-41A8-A05B-B1BC25DFB27F}"
EndProject
Global
	GlobalSection(SolutionConfigurationPlatforms) = preSolution
		Debug|Any CPU = Debug|Any CPU
		Release|Any CPU = Release|Any CPU
	EndGlobalSection
	GlobalSection(ProjectConfigurationPlatforms) = postSolution
		{9490A8FE-211A-4850-A7D5-3F0FD15C11C0}.Debug|Any CPU.ActiveCfg = Debug|Any CPU
		{9490A8FE-211A-4850-A7D5-3F0FD15C11C0}.Debug|Any CPU.Build.0 = Debug|Any CPU
		{9490A8FE-211A-4850-A7D5-3F0FD15C11C0}.Release|Any CPU.ActiveCfg = Release|Any CPU
		{9490A8FE-211A-4850-A7D5-3F0FD15C11C0}.Release|Any CPU.Build.0 = Release|Any CPU
		{2B0A6E1C-C49B-40EF-8E6F-B7A3C68B0B3F}.Debug|Any CPU.ActiveCfg = Debug|Any CPU
		{2B0A6E1C-C49B-40EF-8E6F-B7A3C68B0B3F}.Debug|Any CPU.Build.0 = Debug|Any CPU
		{2B0A6E1C-C49B-40EF-8E6F-B7A3C68B0B3F}.Release|Any CPU.ActiveCfg = Release|Any CPU
		{2B0A6E1C-C49B-40EF-8E6F-B7A3C68B0B3F}.Release|Any CPU.Build.0 = Release|Any CPU
		{63295C69-A59F-4E1F-9F88-6A44373ABEF2}.Debug|Any CPU.ActiveCfg = Debug|Any CPU
		{63295C69-A59F-4E1F-9F88-6A44373ABEF2}.Debug|Any CPU.Build.0 = Debug|Any CPU
		{63295C69-A59F-4E1F-9F88-6A44373ABEF2}.Release|Any CPU.ActiveCfg = Release|Any CPU
		{63295C69-A59F-4E1F-9F88-6A44373ABEF2}.Release|Any CPU.Build.0 = Release|Any CPU
		{D80E7B63-605F-4E4D-9E0B-67E900642BB7}.Debug|Any CPU.ActiveCfg = Debug|Any CPU
		{D80E7B63-605F-4E4D-9E0B-67E900642BB7}.Debug|Any CPU.Build.0 = Debug|Any CPU
		{D80E7B63-605F-4E4D-9E0B-67E900642BB7}.Release|Any CPU.ActiveCfg = Release|Any CPU
		{D80E7B63-605F-4E4D-9E0B-67E900642BB7}.Release|Any CPU.Build.0 = Release|Any CPU
		{570EBB81-D785-4C8F-890F-A358508E8702}.Debug|Any CPU.ActiveCfg = Debug|Any CPU
		{570EBB81-D785-4C8F-890F-A358508E8702}.Debug|Any CPU.Build.0 = Debug|Any CPU
		{570EBB81-D785-4C8F-890F-A358508E8702}.Release|Any CPU.ActiveCfg = Release|Any CPU
		{570EBB81-D785-4C8F-890F-A358508E8702}.Release|Any CPU.Build.0 = Release|Any CPU
		{79AE1527-E80E-4362-8C12-C10A5BEE50CC}.Debug|Any CPU.ActiveCfg = Debug|Any CPU
		{79AE1527-E80E-4362-8C12-C10A5BEE50CC}.Debug|Any CPU.Build.0 = Debug|Any CPU
		{79AE1527-E80E-4362-8C12-C10A5BEE50CC}.Release|Any CPU.ActiveCfg = Release|Any CPU
		{79AE1527-E80E-4362-8C12-C10A5BEE50CC}.Release|Any CPU.Build.0 = Release|Any CPU
		{C2ED7743-1CAD-4A79-A5A8-18ED14C89995}.Debug|Any CPU.ActiveCfg = Debug|Any CPU
		{C2ED7743-1CAD-4A79-A5A8-18ED14C89995}.Debug|Any CPU.Build.0 = Debug|Any CPU
		{C2ED7743-1CAD-4A79-A5A8-18ED14C89995}.Release|Any CPU.ActiveCfg = Release|Any CPU
		{C2ED7743-1CAD-4A79-A5A8-18ED14C89995}.Release|Any CPU.Build.0 = Release|Any CPU
		{110AA15A-2645-4F95-9147-28492F5BA62F}.Debug|Any CPU.ActiveCfg = Debug|Any CPU
		{110AA15A-2645-4F95-9147-28492F5BA62F}.Debug|Any CPU.Build.0 = Debug|Any CPU
		{110AA15A-2645-4F95-9147-28492F5BA62F}.Release|Any CPU.ActiveCfg = Release|Any CPU
		{110AA15A-2645-4F95-9147-28492F5BA62F}.Release|Any CPU.Build.0 = Release|Any CPU
		{41DAE569-7DE0-4A61-A11A-45B624339079}.Debug|Any CPU.ActiveCfg = Debug|Any CPU
		{41DAE569-7DE0-4A61-A11A-45B624339079}.Debug|Any CPU.Build.0 = Debug|Any CPU
		{41DAE569-7DE0-4A61-A11A-45B624339079}.Release|Any CPU.ActiveCfg = Release|Any CPU
		{41DAE569-7DE0-4A61-A11A-45B624339079}.Release|Any CPU.Build.0 = Release|Any CPU
		{9045EBBE-AEF7-47CF-8CDC-6E39594FC132}.Debug|Any CPU.ActiveCfg = Debug|Any CPU
		{9045EBBE-AEF7-47CF-8CDC-6E39594FC132}.Debug|Any CPU.Build.0 = Debug|Any CPU
		{9045EBBE-AEF7-47CF-8CDC-6E39594FC132}.Release|Any CPU.ActiveCfg = Release|Any CPU
		{9045EBBE-AEF7-47CF-8CDC-6E39594FC132}.Release|Any CPU.Build.0 = Release|Any CPU
		{FC0653DA-9A9A-4519-B4BF-E83BAF4A9F70}.Debug|Any CPU.ActiveCfg = Debug|Any CPU
		{FC0653DA-9A9A-4519-B4BF-E83BAF4A9F70}.Debug|Any CPU.Build.0 = Debug|Any CPU
		{FC0653DA-9A9A-4519-B4BF-E83BAF4A9F70}.Release|Any CPU.ActiveCfg = Release|Any CPU
		{FC0653DA-9A9A-4519-B4BF-E83BAF4A9F70}.Release|Any CPU.Build.0 = Release|Any CPU
		{DB3500EF-B3B2-45CC-B922-540AF9791BC3}.Debug|Any CPU.ActiveCfg = Debug|Any CPU
		{DB3500EF-B3B2-45CC-B922-540AF9791BC3}.Debug|Any CPU.Build.0 = Debug|Any CPU
		{DB3500EF-B3B2-45CC-B922-540AF9791BC3}.Release|Any CPU.ActiveCfg = Release|Any CPU
		{DB3500EF-B3B2-45CC-B922-540AF9791BC3}.Release|Any CPU.Build.0 = Release|Any CPU
		{C26DB1E7-CE36-434E-9A12-A318A29FDC46}.Debug|Any CPU.ActiveCfg = Debug|Any CPU
		{C26DB1E7-CE36-434E-9A12-A318A29FDC46}.Debug|Any CPU.Build.0 = Debug|Any CPU
		{C26DB1E7-CE36-434E-9A12-A318A29FDC46}.Release|Any CPU.ActiveCfg = Release|Any CPU
		{C26DB1E7-CE36-434E-9A12-A318A29FDC46}.Release|Any CPU.Build.0 = Release|Any CPU
		{696DB1D9-1AB4-430B-A000-4C8B98794F1B}.Debug|Any CPU.ActiveCfg = Debug|Any CPU
		{696DB1D9-1AB4-430B-A000-4C8B98794F1B}.Debug|Any CPU.Build.0 = Debug|Any CPU
		{696DB1D9-1AB4-430B-A000-4C8B98794F1B}.Release|Any CPU.ActiveCfg = Release|Any CPU
		{696DB1D9-1AB4-430B-A000-4C8B98794F1B}.Release|Any CPU.Build.0 = Release|Any CPU
		{70FD86D2-C3EB-4D59-8C59-D423477E9157}.Debug|Any CPU.ActiveCfg = Debug|Any CPU
		{70FD86D2-C3EB-4D59-8C59-D423477E9157}.Debug|Any CPU.Build.0 = Debug|Any CPU
		{70FD86D2-C3EB-4D59-8C59-D423477E9157}.Release|Any CPU.ActiveCfg = Release|Any CPU
		{70FD86D2-C3EB-4D59-8C59-D423477E9157}.Release|Any CPU.Build.0 = Release|Any CPU
		{72D2BAA7-261D-422C-8DC2-A04D8370B9F3}.Debug|Any CPU.ActiveCfg = Debug|Any CPU
		{72D2BAA7-261D-422C-8DC2-A04D8370B9F3}.Debug|Any CPU.Build.0 = Debug|Any CPU
		{72D2BAA7-261D-422C-8DC2-A04D8370B9F3}.Release|Any CPU.ActiveCfg = Release|Any CPU
		{72D2BAA7-261D-422C-8DC2-A04D8370B9F3}.Release|Any CPU.Build.0 = Release|Any CPU
		{026E870C-3655-497C-9781-659C0625427C}.Debug|Any CPU.ActiveCfg = Debug|Any CPU
		{026E870C-3655-497C-9781-659C0625427C}.Debug|Any CPU.Build.0 = Debug|Any CPU
		{026E870C-3655-497C-9781-659C0625427C}.Release|Any CPU.ActiveCfg = Release|Any CPU
		{026E870C-3655-497C-9781-659C0625427C}.Release|Any CPU.Build.0 = Release|Any CPU
		{3C93C463-C377-4287-8D2D-BBADF3A7A3B8}.Debug|Any CPU.ActiveCfg = Debug|Any CPU
		{3C93C463-C377-4287-8D2D-BBADF3A7A3B8}.Debug|Any CPU.Build.0 = Debug|Any CPU
		{3C93C463-C377-4287-8D2D-BBADF3A7A3B8}.Release|Any CPU.ActiveCfg = Release|Any CPU
		{3C93C463-C377-4287-8D2D-BBADF3A7A3B8}.Release|Any CPU.Build.0 = Release|Any CPU
		{63E6EA88-2F8D-40F5-8073-B5B2E32FED33}.Debug|Any CPU.ActiveCfg = Debug|Any CPU
		{63E6EA88-2F8D-40F5-8073-B5B2E32FED33}.Debug|Any CPU.Build.0 = Debug|Any CPU
		{63E6EA88-2F8D-40F5-8073-B5B2E32FED33}.Release|Any CPU.ActiveCfg = Release|Any CPU
		{63E6EA88-2F8D-40F5-8073-B5B2E32FED33}.Release|Any CPU.Build.0 = Release|Any CPU
		{F7E0BC14-DAC8-4762-A7CF-2F46E327631F}.Debug|Any CPU.ActiveCfg = Debug|Any CPU
		{F7E0BC14-DAC8-4762-A7CF-2F46E327631F}.Debug|Any CPU.Build.0 = Debug|Any CPU
		{F7E0BC14-DAC8-4762-A7CF-2F46E327631F}.Release|Any CPU.ActiveCfg = Release|Any CPU
		{F7E0BC14-DAC8-4762-A7CF-2F46E327631F}.Release|Any CPU.Build.0 = Release|Any CPU
		{CD8A6CBD-7FA0-4496-BE9E-FA634F24B5FC}.Debug|Any CPU.ActiveCfg = Debug|Any CPU
		{CD8A6CBD-7FA0-4496-BE9E-FA634F24B5FC}.Debug|Any CPU.Build.0 = Debug|Any CPU
		{CD8A6CBD-7FA0-4496-BE9E-FA634F24B5FC}.Release|Any CPU.ActiveCfg = Release|Any CPU
		{CD8A6CBD-7FA0-4496-BE9E-FA634F24B5FC}.Release|Any CPU.Build.0 = Release|Any CPU
		{585CFB36-65AD-4998-AAA2-EE52948C1BE7}.Debug|Any CPU.ActiveCfg = Debug|Any CPU
		{585CFB36-65AD-4998-AAA2-EE52948C1BE7}.Debug|Any CPU.Build.0 = Debug|Any CPU
		{585CFB36-65AD-4998-AAA2-EE52948C1BE7}.Release|Any CPU.ActiveCfg = Release|Any CPU
		{585CFB36-65AD-4998-AAA2-EE52948C1BE7}.Release|Any CPU.Build.0 = Release|Any CPU
		{59E10E83-6FBA-4049-AB95-112B3B248C9B}.Debug|Any CPU.ActiveCfg = Debug|Any CPU
		{59E10E83-6FBA-4049-AB95-112B3B248C9B}.Debug|Any CPU.Build.0 = Debug|Any CPU
		{59E10E83-6FBA-4049-AB95-112B3B248C9B}.Release|Any CPU.ActiveCfg = Release|Any CPU
		{59E10E83-6FBA-4049-AB95-112B3B248C9B}.Release|Any CPU.Build.0 = Release|Any CPU
		{BBD87625-FCA4-4E53-9C86-B8AF1B810B76}.Debug|Any CPU.ActiveCfg = Debug|Any CPU
		{BBD87625-FCA4-4E53-9C86-B8AF1B810B76}.Debug|Any CPU.Build.0 = Debug|Any CPU
		{BBD87625-FCA4-4E53-9C86-B8AF1B810B76}.Release|Any CPU.ActiveCfg = Release|Any CPU
		{BBD87625-FCA4-4E53-9C86-B8AF1B810B76}.Release|Any CPU.Build.0 = Release|Any CPU
		{CD9BFDD9-7856-46C9-82AB-29E6D663F016}.Debug|Any CPU.ActiveCfg = Debug|Any CPU
		{CD9BFDD9-7856-46C9-82AB-29E6D663F016}.Debug|Any CPU.Build.0 = Debug|Any CPU
		{CD9BFDD9-7856-46C9-82AB-29E6D663F016}.Release|Any CPU.ActiveCfg = Release|Any CPU
		{CD9BFDD9-7856-46C9-82AB-29E6D663F016}.Release|Any CPU.Build.0 = Release|Any CPU
		{CBEC7FDE-5C53-4957-9126-C498E7CC88BB}.Debug|Any CPU.ActiveCfg = Debug|Any CPU
		{CBEC7FDE-5C53-4957-9126-C498E7CC88BB}.Debug|Any CPU.Build.0 = Debug|Any CPU
		{CBEC7FDE-5C53-4957-9126-C498E7CC88BB}.Release|Any CPU.ActiveCfg = Release|Any CPU
		{CBEC7FDE-5C53-4957-9126-C498E7CC88BB}.Release|Any CPU.Build.0 = Release|Any CPU
		{D23B5630-3EC6-4549-9F34-A5651223C1D1}.Debug|Any CPU.ActiveCfg = Debug|Any CPU
		{D23B5630-3EC6-4549-9F34-A5651223C1D1}.Debug|Any CPU.Build.0 = Debug|Any CPU
		{D23B5630-3EC6-4549-9F34-A5651223C1D1}.Release|Any CPU.ActiveCfg = Release|Any CPU
		{D23B5630-3EC6-4549-9F34-A5651223C1D1}.Release|Any CPU.Build.0 = Release|Any CPU
		{6D272E38-FAA0-4C21-8274-78B5F67F8A46}.Debug|Any CPU.ActiveCfg = Debug|Any CPU
		{6D272E38-FAA0-4C21-8274-78B5F67F8A46}.Debug|Any CPU.Build.0 = Debug|Any CPU
		{6D272E38-FAA0-4C21-8274-78B5F67F8A46}.Release|Any CPU.ActiveCfg = Release|Any CPU
		{6D272E38-FAA0-4C21-8274-78B5F67F8A46}.Release|Any CPU.Build.0 = Release|Any CPU
		{D9718BEA-AFB3-40BA-A193-687F17458B65}.Debug|Any CPU.ActiveCfg = Debug|Any CPU
		{D9718BEA-AFB3-40BA-A193-687F17458B65}.Debug|Any CPU.Build.0 = Debug|Any CPU
		{D9718BEA-AFB3-40BA-A193-687F17458B65}.Release|Any CPU.ActiveCfg = Release|Any CPU
		{D9718BEA-AFB3-40BA-A193-687F17458B65}.Release|Any CPU.Build.0 = Release|Any CPU
		{2F4DE985-0689-469E-A56F-E7BB35BD5473}.Debug|Any CPU.ActiveCfg = Debug|Any CPU
		{2F4DE985-0689-469E-A56F-E7BB35BD5473}.Debug|Any CPU.Build.0 = Debug|Any CPU
		{2F4DE985-0689-469E-A56F-E7BB35BD5473}.Release|Any CPU.ActiveCfg = Release|Any CPU
		{2F4DE985-0689-469E-A56F-E7BB35BD5473}.Release|Any CPU.Build.0 = Release|Any CPU
		{13FDBCA0-7727-4892-9202-E4393AE6BF36}.Debug|Any CPU.ActiveCfg = Debug|Any CPU
		{13FDBCA0-7727-4892-9202-E4393AE6BF36}.Debug|Any CPU.Build.0 = Debug|Any CPU
		{13FDBCA0-7727-4892-9202-E4393AE6BF36}.Release|Any CPU.ActiveCfg = Release|Any CPU
		{13FDBCA0-7727-4892-9202-E4393AE6BF36}.Release|Any CPU.Build.0 = Release|Any CPU
		{3F0BC065-3520-40C0-A047-E713B2337484}.Debug|Any CPU.ActiveCfg = Debug|Any CPU
		{3F0BC065-3520-40C0-A047-E713B2337484}.Debug|Any CPU.Build.0 = Debug|Any CPU
		{3F0BC065-3520-40C0-A047-E713B2337484}.Release|Any CPU.ActiveCfg = Release|Any CPU
		{3F0BC065-3520-40C0-A047-E713B2337484}.Release|Any CPU.Build.0 = Release|Any CPU
		{A7A9AA7D-6DDC-42AB-BC09-1A1CE16D747D}.Debug|Any CPU.ActiveCfg = Debug|Any CPU
		{A7A9AA7D-6DDC-42AB-BC09-1A1CE16D747D}.Debug|Any CPU.Build.0 = Debug|Any CPU
		{A7A9AA7D-6DDC-42AB-BC09-1A1CE16D747D}.Release|Any CPU.ActiveCfg = Release|Any CPU
		{A7A9AA7D-6DDC-42AB-BC09-1A1CE16D747D}.Release|Any CPU.Build.0 = Release|Any CPU
		{17085677-0ADF-4600-983F-FB29B2F279D1}.Debug|Any CPU.ActiveCfg = Debug|Any CPU
		{17085677-0ADF-4600-983F-FB29B2F279D1}.Debug|Any CPU.Build.0 = Debug|Any CPU
		{17085677-0ADF-4600-983F-FB29B2F279D1}.Release|Any CPU.ActiveCfg = Release|Any CPU
		{17085677-0ADF-4600-983F-FB29B2F279D1}.Release|Any CPU.Build.0 = Release|Any CPU
		{9017C4B8-3A35-4BEB-A79F-27CDE0859F62}.Debug|Any CPU.ActiveCfg = Debug|Any CPU
		{9017C4B8-3A35-4BEB-A79F-27CDE0859F62}.Debug|Any CPU.Build.0 = Debug|Any CPU
		{9017C4B8-3A35-4BEB-A79F-27CDE0859F62}.Release|Any CPU.ActiveCfg = Release|Any CPU
		{9017C4B8-3A35-4BEB-A79F-27CDE0859F62}.Release|Any CPU.Build.0 = Release|Any CPU
		{68C5B788-A1F3-4053-BE95-825084ACB5B7}.Debug|Any CPU.ActiveCfg = Debug|Any CPU
		{68C5B788-A1F3-4053-BE95-825084ACB5B7}.Debug|Any CPU.Build.0 = Debug|Any CPU
		{68C5B788-A1F3-4053-BE95-825084ACB5B7}.Release|Any CPU.ActiveCfg = Release|Any CPU
		{68C5B788-A1F3-4053-BE95-825084ACB5B7}.Release|Any CPU.Build.0 = Release|Any CPU
		{296F5A27-9EFB-4E71-B619-280586437016}.Debug|Any CPU.ActiveCfg = Debug|Any CPU
		{296F5A27-9EFB-4E71-B619-280586437016}.Debug|Any CPU.Build.0 = Debug|Any CPU
		{296F5A27-9EFB-4E71-B619-280586437016}.Release|Any CPU.ActiveCfg = Release|Any CPU
		{296F5A27-9EFB-4E71-B619-280586437016}.Release|Any CPU.Build.0 = Release|Any CPU
		{18A94A17-DCA2-4264-B132-A22E351F4535}.Debug|Any CPU.ActiveCfg = Debug|Any CPU
		{18A94A17-DCA2-4264-B132-A22E351F4535}.Debug|Any CPU.Build.0 = Debug|Any CPU
		{18A94A17-DCA2-4264-B132-A22E351F4535}.Release|Any CPU.ActiveCfg = Release|Any CPU
		{18A94A17-DCA2-4264-B132-A22E351F4535}.Release|Any CPU.Build.0 = Release|Any CPU
		{64F0E385-C4C9-4F6E-A1B0-4995F78E14BC}.Debug|Any CPU.ActiveCfg = Debug|Any CPU
		{64F0E385-C4C9-4F6E-A1B0-4995F78E14BC}.Debug|Any CPU.Build.0 = Debug|Any CPU
		{64F0E385-C4C9-4F6E-A1B0-4995F78E14BC}.Release|Any CPU.ActiveCfg = Release|Any CPU
		{64F0E385-C4C9-4F6E-A1B0-4995F78E14BC}.Release|Any CPU.Build.0 = Release|Any CPU
		{3EC40F19-CE68-4FBB-8184-1D5F9C6E6444}.Debug|Any CPU.ActiveCfg = Debug|Any CPU
		{3EC40F19-CE68-4FBB-8184-1D5F9C6E6444}.Debug|Any CPU.Build.0 = Debug|Any CPU
		{3EC40F19-CE68-4FBB-8184-1D5F9C6E6444}.Release|Any CPU.ActiveCfg = Release|Any CPU
		{3EC40F19-CE68-4FBB-8184-1D5F9C6E6444}.Release|Any CPU.Build.0 = Release|Any CPU
		{3DA42707-949A-4CE9-BC80-BB8CB33603EF}.Debug|Any CPU.ActiveCfg = Debug|Any CPU
		{3DA42707-949A-4CE9-BC80-BB8CB33603EF}.Debug|Any CPU.Build.0 = Debug|Any CPU
		{3DA42707-949A-4CE9-BC80-BB8CB33603EF}.Release|Any CPU.ActiveCfg = Release|Any CPU
		{3DA42707-949A-4CE9-BC80-BB8CB33603EF}.Release|Any CPU.Build.0 = Release|Any CPU
		{EA9E0C7C-9ABB-47F1-A187-ADD5B03A9AFA}.Debug|Any CPU.ActiveCfg = Debug|Any CPU
		{EA9E0C7C-9ABB-47F1-A187-ADD5B03A9AFA}.Debug|Any CPU.Build.0 = Debug|Any CPU
		{EA9E0C7C-9ABB-47F1-A187-ADD5B03A9AFA}.Release|Any CPU.ActiveCfg = Release|Any CPU
		{EA9E0C7C-9ABB-47F1-A187-ADD5B03A9AFA}.Release|Any CPU.Build.0 = Release|Any CPU
		{76512A44-2D86-497A-9F3F-692A0808063C}.Debug|Any CPU.ActiveCfg = Debug|Any CPU
		{76512A44-2D86-497A-9F3F-692A0808063C}.Debug|Any CPU.Build.0 = Debug|Any CPU
		{76512A44-2D86-497A-9F3F-692A0808063C}.Release|Any CPU.ActiveCfg = Release|Any CPU
		{76512A44-2D86-497A-9F3F-692A0808063C}.Release|Any CPU.Build.0 = Release|Any CPU
		{B9F05718-80F3-41FD-875A-20011B45631B}.Debug|Any CPU.ActiveCfg = Debug|Any CPU
		{B9F05718-80F3-41FD-875A-20011B45631B}.Debug|Any CPU.Build.0 = Debug|Any CPU
		{B9F05718-80F3-41FD-875A-20011B45631B}.Release|Any CPU.ActiveCfg = Release|Any CPU
		{B9F05718-80F3-41FD-875A-20011B45631B}.Release|Any CPU.Build.0 = Release|Any CPU
		{9B53C505-60B9-4105-AD65-B6C2F11DC0CA}.Debug|Any CPU.ActiveCfg = Debug|Any CPU
		{9B53C505-60B9-4105-AD65-B6C2F11DC0CA}.Debug|Any CPU.Build.0 = Debug|Any CPU
		{9B53C505-60B9-4105-AD65-B6C2F11DC0CA}.Release|Any CPU.ActiveCfg = Release|Any CPU
		{9B53C505-60B9-4105-AD65-B6C2F11DC0CA}.Release|Any CPU.Build.0 = Release|Any CPU
		{2E9B5169-95D7-42D9-B196-DBA994838B3F}.Debug|Any CPU.ActiveCfg = Debug|Any CPU
		{2E9B5169-95D7-42D9-B196-DBA994838B3F}.Debug|Any CPU.Build.0 = Debug|Any CPU
		{2E9B5169-95D7-42D9-B196-DBA994838B3F}.Release|Any CPU.ActiveCfg = Release|Any CPU
		{2E9B5169-95D7-42D9-B196-DBA994838B3F}.Release|Any CPU.Build.0 = Release|Any CPU
		{88CC511D-0C49-4E93-B9B4-1344AA6D0D1B}.Debug|Any CPU.ActiveCfg = Debug|Any CPU
		{88CC511D-0C49-4E93-B9B4-1344AA6D0D1B}.Debug|Any CPU.Build.0 = Debug|Any CPU
		{88CC511D-0C49-4E93-B9B4-1344AA6D0D1B}.Release|Any CPU.ActiveCfg = Release|Any CPU
		{88CC511D-0C49-4E93-B9B4-1344AA6D0D1B}.Release|Any CPU.Build.0 = Release|Any CPU
		{032BD219-927E-4744-905C-D77C39A31DEE}.Debug|Any CPU.ActiveCfg = Debug|Any CPU
		{032BD219-927E-4744-905C-D77C39A31DEE}.Debug|Any CPU.Build.0 = Debug|Any CPU
		{032BD219-927E-4744-905C-D77C39A31DEE}.Release|Any CPU.ActiveCfg = Release|Any CPU
		{032BD219-927E-4744-905C-D77C39A31DEE}.Release|Any CPU.Build.0 = Release|Any CPU
		{E1EB8E98-3CE5-4D1C-9C49-F1A07A65AD4B}.Debug|Any CPU.ActiveCfg = Debug|Any CPU
		{E1EB8E98-3CE5-4D1C-9C49-F1A07A65AD4B}.Debug|Any CPU.Build.0 = Debug|Any CPU
		{E1EB8E98-3CE5-4D1C-9C49-F1A07A65AD4B}.Release|Any CPU.ActiveCfg = Release|Any CPU
		{E1EB8E98-3CE5-4D1C-9C49-F1A07A65AD4B}.Release|Any CPU.Build.0 = Release|Any CPU
		{41B2127E-5555-4E73-88B5-A51E15AB31E6}.Debug|Any CPU.ActiveCfg = Debug|Any CPU
		{41B2127E-5555-4E73-88B5-A51E15AB31E6}.Debug|Any CPU.Build.0 = Debug|Any CPU
		{41B2127E-5555-4E73-88B5-A51E15AB31E6}.Release|Any CPU.ActiveCfg = Release|Any CPU
		{41B2127E-5555-4E73-88B5-A51E15AB31E6}.Release|Any CPU.Build.0 = Release|Any CPU
		{C3DA6B2D-FE49-403C-8538-F2C1F78C8D17}.Debug|Any CPU.ActiveCfg = Debug|Any CPU
		{C3DA6B2D-FE49-403C-8538-F2C1F78C8D17}.Debug|Any CPU.Build.0 = Debug|Any CPU
		{C3DA6B2D-FE49-403C-8538-F2C1F78C8D17}.Release|Any CPU.ActiveCfg = Release|Any CPU
		{C3DA6B2D-FE49-403C-8538-F2C1F78C8D17}.Release|Any CPU.Build.0 = Release|Any CPU
		{8A6D7BFE-297C-474D-B771-2EE3D1DF4AC6}.Debug|Any CPU.ActiveCfg = Debug|Any CPU
		{8A6D7BFE-297C-474D-B771-2EE3D1DF4AC6}.Debug|Any CPU.Build.0 = Debug|Any CPU
		{8A6D7BFE-297C-474D-B771-2EE3D1DF4AC6}.Release|Any CPU.ActiveCfg = Release|Any CPU
		{8A6D7BFE-297C-474D-B771-2EE3D1DF4AC6}.Release|Any CPU.Build.0 = Release|Any CPU
		{4DF31C78-2BE2-43F1-9327-7AB68BA919EA}.Debug|Any CPU.ActiveCfg = Debug|Any CPU
		{4DF31C78-2BE2-43F1-9327-7AB68BA919EA}.Debug|Any CPU.Build.0 = Debug|Any CPU
		{4DF31C78-2BE2-43F1-9327-7AB68BA919EA}.Release|Any CPU.ActiveCfg = Release|Any CPU
		{4DF31C78-2BE2-43F1-9327-7AB68BA919EA}.Release|Any CPU.Build.0 = Release|Any CPU
		{F712B97D-92FB-44DC-85B8-CF63AD7FEA5D}.Debug|Any CPU.ActiveCfg = Debug|Any CPU
		{F712B97D-92FB-44DC-85B8-CF63AD7FEA5D}.Debug|Any CPU.Build.0 = Debug|Any CPU
		{F712B97D-92FB-44DC-85B8-CF63AD7FEA5D}.Release|Any CPU.ActiveCfg = Release|Any CPU
		{F712B97D-92FB-44DC-85B8-CF63AD7FEA5D}.Release|Any CPU.Build.0 = Release|Any CPU
		{DDA7ED32-02C3-453B-B361-31B8C09E00DC}.Debug|Any CPU.ActiveCfg = Debug|Any CPU
		{DDA7ED32-02C3-453B-B361-31B8C09E00DC}.Debug|Any CPU.Build.0 = Debug|Any CPU
		{DDA7ED32-02C3-453B-B361-31B8C09E00DC}.Release|Any CPU.ActiveCfg = Release|Any CPU
		{DDA7ED32-02C3-453B-B361-31B8C09E00DC}.Release|Any CPU.Build.0 = Release|Any CPU
		{B7445049-C5AF-4E76-9BE7-721C7C5500F6}.Debug|Any CPU.ActiveCfg = Debug|Any CPU
		{B7445049-C5AF-4E76-9BE7-721C7C5500F6}.Debug|Any CPU.Build.0 = Debug|Any CPU
		{B7445049-C5AF-4E76-9BE7-721C7C5500F6}.Release|Any CPU.ActiveCfg = Release|Any CPU
		{B7445049-C5AF-4E76-9BE7-721C7C5500F6}.Release|Any CPU.Build.0 = Release|Any CPU
		{7D22669D-DB03-4DFB-85CC-2255FBB14814}.Debug|Any CPU.ActiveCfg = Debug|Any CPU
		{7D22669D-DB03-4DFB-85CC-2255FBB14814}.Debug|Any CPU.Build.0 = Debug|Any CPU
		{7D22669D-DB03-4DFB-85CC-2255FBB14814}.Release|Any CPU.ActiveCfg = Release|Any CPU
		{7D22669D-DB03-4DFB-85CC-2255FBB14814}.Release|Any CPU.Build.0 = Release|Any CPU
		{416E685F-3C16-48DC-893E-5EDE7DA851E4}.Debug|Any CPU.ActiveCfg = Debug|Any CPU
		{416E685F-3C16-48DC-893E-5EDE7DA851E4}.Debug|Any CPU.Build.0 = Debug|Any CPU
		{416E685F-3C16-48DC-893E-5EDE7DA851E4}.Release|Any CPU.ActiveCfg = Release|Any CPU
		{416E685F-3C16-48DC-893E-5EDE7DA851E4}.Release|Any CPU.Build.0 = Release|Any CPU
		{AAB792C6-116D-472F-B1B0-63DECD1D3308}.Debug|Any CPU.ActiveCfg = Debug|Any CPU
		{AAB792C6-116D-472F-B1B0-63DECD1D3308}.Debug|Any CPU.Build.0 = Debug|Any CPU
		{AAB792C6-116D-472F-B1B0-63DECD1D3308}.Release|Any CPU.ActiveCfg = Release|Any CPU
		{AAB792C6-116D-472F-B1B0-63DECD1D3308}.Release|Any CPU.Build.0 = Release|Any CPU
		{64077418-9EBF-4DA7-AD0F-7CACE2FCE408}.Debug|Any CPU.ActiveCfg = Debug|Any CPU
		{64077418-9EBF-4DA7-AD0F-7CACE2FCE408}.Debug|Any CPU.Build.0 = Debug|Any CPU
		{64077418-9EBF-4DA7-AD0F-7CACE2FCE408}.Release|Any CPU.ActiveCfg = Release|Any CPU
		{64077418-9EBF-4DA7-AD0F-7CACE2FCE408}.Release|Any CPU.Build.0 = Release|Any CPU
		{E53651B8-2AC8-4528-890E-6E16278EADBA}.Debug|Any CPU.ActiveCfg = Debug|Any CPU
		{E53651B8-2AC8-4528-890E-6E16278EADBA}.Debug|Any CPU.Build.0 = Debug|Any CPU
		{E53651B8-2AC8-4528-890E-6E16278EADBA}.Release|Any CPU.ActiveCfg = Release|Any CPU
		{E53651B8-2AC8-4528-890E-6E16278EADBA}.Release|Any CPU.Build.0 = Release|Any CPU
		{FE3415F1-AFA5-40B5-8EF7-6A20DF805791}.Debug|Any CPU.ActiveCfg = Debug|Any CPU
		{FE3415F1-AFA5-40B5-8EF7-6A20DF805791}.Debug|Any CPU.Build.0 = Debug|Any CPU
		{FE3415F1-AFA5-40B5-8EF7-6A20DF805791}.Release|Any CPU.ActiveCfg = Release|Any CPU
		{FE3415F1-AFA5-40B5-8EF7-6A20DF805791}.Release|Any CPU.Build.0 = Release|Any CPU
		{7060DF7E-92F4-460B-92A6-121B93009006}.Debug|Any CPU.ActiveCfg = Debug|Any CPU
		{7060DF7E-92F4-460B-92A6-121B93009006}.Debug|Any CPU.Build.0 = Debug|Any CPU
		{7060DF7E-92F4-460B-92A6-121B93009006}.Release|Any CPU.ActiveCfg = Release|Any CPU
		{7060DF7E-92F4-460B-92A6-121B93009006}.Release|Any CPU.Build.0 = Release|Any CPU
		{10BDCA71-160A-44F1-8995-9F6C8F658495}.Debug|Any CPU.ActiveCfg = Debug|Any CPU
		{10BDCA71-160A-44F1-8995-9F6C8F658495}.Debug|Any CPU.Build.0 = Debug|Any CPU
		{10BDCA71-160A-44F1-8995-9F6C8F658495}.Release|Any CPU.ActiveCfg = Release|Any CPU
		{10BDCA71-160A-44F1-8995-9F6C8F658495}.Release|Any CPU.Build.0 = Release|Any CPU
		{7A905F87-0A0F-47D1-A95F-5E9216EBAD49}.Debug|Any CPU.ActiveCfg = Debug|Any CPU
		{7A905F87-0A0F-47D1-A95F-5E9216EBAD49}.Debug|Any CPU.Build.0 = Debug|Any CPU
		{7A905F87-0A0F-47D1-A95F-5E9216EBAD49}.Release|Any CPU.ActiveCfg = Release|Any CPU
		{7A905F87-0A0F-47D1-A95F-5E9216EBAD49}.Release|Any CPU.Build.0 = Release|Any CPU
		{E0E72750-CF8C-40CB-846C-05573E784134}.Debug|Any CPU.ActiveCfg = Debug|Any CPU
		{E0E72750-CF8C-40CB-846C-05573E784134}.Debug|Any CPU.Build.0 = Debug|Any CPU
		{E0E72750-CF8C-40CB-846C-05573E784134}.Release|Any CPU.ActiveCfg = Release|Any CPU
		{E0E72750-CF8C-40CB-846C-05573E784134}.Release|Any CPU.Build.0 = Release|Any CPU
		{2364F00F-1DBF-454B-9C04-4158ACCE954F}.Debug|Any CPU.ActiveCfg = Debug|Any CPU
		{2364F00F-1DBF-454B-9C04-4158ACCE954F}.Debug|Any CPU.Build.0 = Debug|Any CPU
		{2364F00F-1DBF-454B-9C04-4158ACCE954F}.Release|Any CPU.ActiveCfg = Release|Any CPU
		{2364F00F-1DBF-454B-9C04-4158ACCE954F}.Release|Any CPU.Build.0 = Release|Any CPU
		{A800BA22-C7DE-47D6-850E-751AE8AE5AA0}.Debug|Any CPU.ActiveCfg = Debug|Any CPU
		{A800BA22-C7DE-47D6-850E-751AE8AE5AA0}.Debug|Any CPU.Build.0 = Debug|Any CPU
		{A800BA22-C7DE-47D6-850E-751AE8AE5AA0}.Release|Any CPU.ActiveCfg = Release|Any CPU
		{A800BA22-C7DE-47D6-850E-751AE8AE5AA0}.Release|Any CPU.Build.0 = Release|Any CPU
		{DE9332EB-AFD0-4FE4-A9EF-DCD82917F8A4}.Debug|Any CPU.ActiveCfg = Debug|Any CPU
		{DE9332EB-AFD0-4FE4-A9EF-DCD82917F8A4}.Debug|Any CPU.Build.0 = Debug|Any CPU
		{DE9332EB-AFD0-4FE4-A9EF-DCD82917F8A4}.Release|Any CPU.ActiveCfg = Release|Any CPU
		{DE9332EB-AFD0-4FE4-A9EF-DCD82917F8A4}.Release|Any CPU.Build.0 = Release|Any CPU
		{FF5ACD71-F842-442B-A94C-5BD3EA163B36}.Debug|Any CPU.ActiveCfg = Debug|Any CPU
		{FF5ACD71-F842-442B-A94C-5BD3EA163B36}.Debug|Any CPU.Build.0 = Debug|Any CPU
		{FF5ACD71-F842-442B-A94C-5BD3EA163B36}.Release|Any CPU.ActiveCfg = Release|Any CPU
		{FF5ACD71-F842-442B-A94C-5BD3EA163B36}.Release|Any CPU.Build.0 = Release|Any CPU
		{73F27658-C883-4BEC-B674-E0A68C1BF49D}.Debug|Any CPU.ActiveCfg = Debug|Any CPU
		{73F27658-C883-4BEC-B674-E0A68C1BF49D}.Debug|Any CPU.Build.0 = Debug|Any CPU
		{73F27658-C883-4BEC-B674-E0A68C1BF49D}.Release|Any CPU.ActiveCfg = Release|Any CPU
		{73F27658-C883-4BEC-B674-E0A68C1BF49D}.Release|Any CPU.Build.0 = Release|Any CPU
		{07CDE199-D3AC-4948-A8E9-55997E7795BC}.Debug|Any CPU.ActiveCfg = Debug|Any CPU
		{07CDE199-D3AC-4948-A8E9-55997E7795BC}.Debug|Any CPU.Build.0 = Debug|Any CPU
		{07CDE199-D3AC-4948-A8E9-55997E7795BC}.Release|Any CPU.ActiveCfg = Release|Any CPU
		{07CDE199-D3AC-4948-A8E9-55997E7795BC}.Release|Any CPU.Build.0 = Release|Any CPU
		{824C2F72-480D-40FF-945E-6CEF21D8E0D6}.Debug|Any CPU.ActiveCfg = Debug|Any CPU
		{824C2F72-480D-40FF-945E-6CEF21D8E0D6}.Debug|Any CPU.Build.0 = Debug|Any CPU
		{824C2F72-480D-40FF-945E-6CEF21D8E0D6}.Release|Any CPU.ActiveCfg = Release|Any CPU
		{824C2F72-480D-40FF-945E-6CEF21D8E0D6}.Release|Any CPU.Build.0 = Release|Any CPU
		{DD0320BE-DA22-4853-B54E-8C1A4ECA8BEB}.Debug|Any CPU.ActiveCfg = Debug|Any CPU
		{DD0320BE-DA22-4853-B54E-8C1A4ECA8BEB}.Debug|Any CPU.Build.0 = Debug|Any CPU
		{DD0320BE-DA22-4853-B54E-8C1A4ECA8BEB}.Release|Any CPU.ActiveCfg = Release|Any CPU
		{DD0320BE-DA22-4853-B54E-8C1A4ECA8BEB}.Release|Any CPU.Build.0 = Release|Any CPU
		{39BD506D-B70D-4764-AE63-3767C615ACBE}.Debug|Any CPU.ActiveCfg = Debug|Any CPU
		{39BD506D-B70D-4764-AE63-3767C615ACBE}.Debug|Any CPU.Build.0 = Debug|Any CPU
		{39BD506D-B70D-4764-AE63-3767C615ACBE}.Release|Any CPU.ActiveCfg = Release|Any CPU
		{39BD506D-B70D-4764-AE63-3767C615ACBE}.Release|Any CPU.Build.0 = Release|Any CPU
		{A81AD479-C793-4DED-B881-F2AE66F9938F}.Debug|Any CPU.ActiveCfg = Debug|Any CPU
		{A81AD479-C793-4DED-B881-F2AE66F9938F}.Debug|Any CPU.Build.0 = Debug|Any CPU
		{A81AD479-C793-4DED-B881-F2AE66F9938F}.Release|Any CPU.ActiveCfg = Release|Any CPU
		{A81AD479-C793-4DED-B881-F2AE66F9938F}.Release|Any CPU.Build.0 = Release|Any CPU
		{1C603388-C7B6-4675-96C4-90A0D00199EF}.Debug|Any CPU.ActiveCfg = Debug|Any CPU
		{1C603388-C7B6-4675-96C4-90A0D00199EF}.Debug|Any CPU.Build.0 = Debug|Any CPU
		{1C603388-C7B6-4675-96C4-90A0D00199EF}.Release|Any CPU.ActiveCfg = Release|Any CPU
		{1C603388-C7B6-4675-96C4-90A0D00199EF}.Release|Any CPU.Build.0 = Release|Any CPU
		{BD096858-B9E2-4CAA-812A-B774BB53E626}.Debug|Any CPU.ActiveCfg = Debug|Any CPU
		{BD096858-B9E2-4CAA-812A-B774BB53E626}.Debug|Any CPU.Build.0 = Debug|Any CPU
		{BD096858-B9E2-4CAA-812A-B774BB53E626}.Release|Any CPU.ActiveCfg = Release|Any CPU
		{BD096858-B9E2-4CAA-812A-B774BB53E626}.Release|Any CPU.Build.0 = Release|Any CPU
		{139C32D3-1101-4792-B6FD-087371FD6602}.Debug|Any CPU.ActiveCfg = Debug|Any CPU
		{139C32D3-1101-4792-B6FD-087371FD6602}.Debug|Any CPU.Build.0 = Debug|Any CPU
		{139C32D3-1101-4792-B6FD-087371FD6602}.Release|Any CPU.ActiveCfg = Release|Any CPU
		{139C32D3-1101-4792-B6FD-087371FD6602}.Release|Any CPU.Build.0 = Release|Any CPU
		{359D36BB-078D-4215-A5F5-CA57013B7F21}.Debug|Any CPU.ActiveCfg = Debug|Any CPU
		{359D36BB-078D-4215-A5F5-CA57013B7F21}.Debug|Any CPU.Build.0 = Debug|Any CPU
		{359D36BB-078D-4215-A5F5-CA57013B7F21}.Release|Any CPU.ActiveCfg = Release|Any CPU
		{359D36BB-078D-4215-A5F5-CA57013B7F21}.Release|Any CPU.Build.0 = Release|Any CPU
		{53A34F93-6C80-4B9A-A60E-DB13DB56E99B}.Debug|Any CPU.ActiveCfg = Debug|Any CPU
		{53A34F93-6C80-4B9A-A60E-DB13DB56E99B}.Debug|Any CPU.Build.0 = Debug|Any CPU
		{53A34F93-6C80-4B9A-A60E-DB13DB56E99B}.Release|Any CPU.ActiveCfg = Release|Any CPU
		{53A34F93-6C80-4B9A-A60E-DB13DB56E99B}.Release|Any CPU.Build.0 = Release|Any CPU
		{141067A5-E211-4F30-A185-FD72410CDB5E}.Debug|Any CPU.ActiveCfg = Debug|Any CPU
		{141067A5-E211-4F30-A185-FD72410CDB5E}.Debug|Any CPU.Build.0 = Debug|Any CPU
		{141067A5-E211-4F30-A185-FD72410CDB5E}.Release|Any CPU.ActiveCfg = Release|Any CPU
		{141067A5-E211-4F30-A185-FD72410CDB5E}.Release|Any CPU.Build.0 = Release|Any CPU
		{D253136E-D1F1-4992-8DDA-136332304D8E}.Debug|Any CPU.ActiveCfg = Debug|Any CPU
		{D253136E-D1F1-4992-8DDA-136332304D8E}.Debug|Any CPU.Build.0 = Debug|Any CPU
		{D253136E-D1F1-4992-8DDA-136332304D8E}.Release|Any CPU.ActiveCfg = Release|Any CPU
		{D253136E-D1F1-4992-8DDA-136332304D8E}.Release|Any CPU.Build.0 = Release|Any CPU
		{13ECEBA5-13AF-4BA0-981D-6DCB08836C36}.Debug|Any CPU.ActiveCfg = Debug|Any CPU
		{13ECEBA5-13AF-4BA0-981D-6DCB08836C36}.Debug|Any CPU.Build.0 = Debug|Any CPU
		{13ECEBA5-13AF-4BA0-981D-6DCB08836C36}.Release|Any CPU.ActiveCfg = Release|Any CPU
		{13ECEBA5-13AF-4BA0-981D-6DCB08836C36}.Release|Any CPU.Build.0 = Release|Any CPU
		{01268C45-553B-4255-8980-BB6F99679432}.Debug|Any CPU.ActiveCfg = Debug|Any CPU
		{01268C45-553B-4255-8980-BB6F99679432}.Debug|Any CPU.Build.0 = Debug|Any CPU
		{01268C45-553B-4255-8980-BB6F99679432}.Release|Any CPU.ActiveCfg = Release|Any CPU
		{01268C45-553B-4255-8980-BB6F99679432}.Release|Any CPU.Build.0 = Release|Any CPU
		{409AF376-26A0-4E0C-908A-0149F48BEEA8}.Debug|Any CPU.ActiveCfg = Debug|Any CPU
		{409AF376-26A0-4E0C-908A-0149F48BEEA8}.Debug|Any CPU.Build.0 = Debug|Any CPU
		{409AF376-26A0-4E0C-908A-0149F48BEEA8}.Release|Any CPU.ActiveCfg = Release|Any CPU
		{409AF376-26A0-4E0C-908A-0149F48BEEA8}.Release|Any CPU.Build.0 = Release|Any CPU
		{890BA91D-8734-4E23-AB6F-EACF7830A44D}.Debug|Any CPU.ActiveCfg = Debug|Any CPU
		{890BA91D-8734-4E23-AB6F-EACF7830A44D}.Debug|Any CPU.Build.0 = Debug|Any CPU
		{890BA91D-8734-4E23-AB6F-EACF7830A44D}.Release|Any CPU.ActiveCfg = Release|Any CPU
		{890BA91D-8734-4E23-AB6F-EACF7830A44D}.Release|Any CPU.Build.0 = Release|Any CPU
		{79778670-627F-45F5-B049-CCF420922251}.Debug|Any CPU.ActiveCfg = Debug|Any CPU
		{79778670-627F-45F5-B049-CCF420922251}.Debug|Any CPU.Build.0 = Debug|Any CPU
		{79778670-627F-45F5-B049-CCF420922251}.Release|Any CPU.ActiveCfg = Release|Any CPU
		{79778670-627F-45F5-B049-CCF420922251}.Release|Any CPU.Build.0 = Release|Any CPU
		{6FC80688-92B8-4A94-8FDB-0739BA2C0AB2}.Debug|Any CPU.ActiveCfg = Debug|Any CPU
		{6FC80688-92B8-4A94-8FDB-0739BA2C0AB2}.Debug|Any CPU.Build.0 = Debug|Any CPU
		{6FC80688-92B8-4A94-8FDB-0739BA2C0AB2}.Release|Any CPU.ActiveCfg = Release|Any CPU
		{6FC80688-92B8-4A94-8FDB-0739BA2C0AB2}.Release|Any CPU.Build.0 = Release|Any CPU
		{7F509705-BE47-4D50-B074-1C9A6AB6E025}.Debug|Any CPU.ActiveCfg = Debug|Any CPU
		{7F509705-BE47-4D50-B074-1C9A6AB6E025}.Debug|Any CPU.Build.0 = Debug|Any CPU
		{7F509705-BE47-4D50-B074-1C9A6AB6E025}.Release|Any CPU.ActiveCfg = Release|Any CPU
		{7F509705-BE47-4D50-B074-1C9A6AB6E025}.Release|Any CPU.Build.0 = Release|Any CPU
		{F17D69CF-2153-4C2B-93E1-0384E86F612D}.Debug|Any CPU.ActiveCfg = Debug|Any CPU
		{F17D69CF-2153-4C2B-93E1-0384E86F612D}.Debug|Any CPU.Build.0 = Debug|Any CPU
		{F17D69CF-2153-4C2B-93E1-0384E86F612D}.Release|Any CPU.ActiveCfg = Release|Any CPU
		{F17D69CF-2153-4C2B-93E1-0384E86F612D}.Release|Any CPU.Build.0 = Release|Any CPU
		{5360A01A-A3AE-4536-B07F-9B5013E26674}.Debug|Any CPU.ActiveCfg = Debug|Any CPU
		{5360A01A-A3AE-4536-B07F-9B5013E26674}.Debug|Any CPU.Build.0 = Debug|Any CPU
		{5360A01A-A3AE-4536-B07F-9B5013E26674}.Release|Any CPU.ActiveCfg = Release|Any CPU
		{5360A01A-A3AE-4536-B07F-9B5013E26674}.Release|Any CPU.Build.0 = Release|Any CPU
		{5C5B4B43-A3DE-443D-915C-E1BB37114881}.Debug|Any CPU.ActiveCfg = Debug|Any CPU
		{5C5B4B43-A3DE-443D-915C-E1BB37114881}.Debug|Any CPU.Build.0 = Debug|Any CPU
		{5C5B4B43-A3DE-443D-915C-E1BB37114881}.Release|Any CPU.ActiveCfg = Release|Any CPU
		{5C5B4B43-A3DE-443D-915C-E1BB37114881}.Release|Any CPU.Build.0 = Release|Any CPU
		{54263692-52E7-4565-BCE6-EA897A91FFDF}.Debug|Any CPU.ActiveCfg = Debug|Any CPU
		{54263692-52E7-4565-BCE6-EA897A91FFDF}.Debug|Any CPU.Build.0 = Debug|Any CPU
		{54263692-52E7-4565-BCE6-EA897A91FFDF}.Release|Any CPU.ActiveCfg = Release|Any CPU
		{54263692-52E7-4565-BCE6-EA897A91FFDF}.Release|Any CPU.Build.0 = Release|Any CPU
		{A82D7276-6A3F-4868-A406-0758A9C5A14D}.Debug|Any CPU.ActiveCfg = Debug|Any CPU
		{A82D7276-6A3F-4868-A406-0758A9C5A14D}.Debug|Any CPU.Build.0 = Debug|Any CPU
		{A82D7276-6A3F-4868-A406-0758A9C5A14D}.Release|Any CPU.ActiveCfg = Release|Any CPU
		{A82D7276-6A3F-4868-A406-0758A9C5A14D}.Release|Any CPU.Build.0 = Release|Any CPU
		{12BE4987-31AA-4DAA-AA59-5738FE33C9B3}.Debug|Any CPU.ActiveCfg = Debug|Any CPU
		{12BE4987-31AA-4DAA-AA59-5738FE33C9B3}.Debug|Any CPU.Build.0 = Debug|Any CPU
		{12BE4987-31AA-4DAA-AA59-5738FE33C9B3}.Release|Any CPU.ActiveCfg = Release|Any CPU
		{12BE4987-31AA-4DAA-AA59-5738FE33C9B3}.Release|Any CPU.Build.0 = Release|Any CPU
		{A5BE71B9-D354-454E-8B19-184629734B0A}.Debug|Any CPU.ActiveCfg = Debug|Any CPU
		{A5BE71B9-D354-454E-8B19-184629734B0A}.Debug|Any CPU.Build.0 = Debug|Any CPU
		{A5BE71B9-D354-454E-8B19-184629734B0A}.Release|Any CPU.ActiveCfg = Release|Any CPU
		{A5BE71B9-D354-454E-8B19-184629734B0A}.Release|Any CPU.Build.0 = Release|Any CPU
		{2D7F3EDF-7E2D-40D0-8C8C-FCA008A0BCFA}.Debug|Any CPU.ActiveCfg = Debug|Any CPU
		{2D7F3EDF-7E2D-40D0-8C8C-FCA008A0BCFA}.Debug|Any CPU.Build.0 = Debug|Any CPU
		{2D7F3EDF-7E2D-40D0-8C8C-FCA008A0BCFA}.Release|Any CPU.ActiveCfg = Release|Any CPU
		{2D7F3EDF-7E2D-40D0-8C8C-FCA008A0BCFA}.Release|Any CPU.Build.0 = Release|Any CPU
		{9E5D520F-B817-4B00-BC62-A3717A73E166}.Debug|Any CPU.ActiveCfg = Debug|Any CPU
		{9E5D520F-B817-4B00-BC62-A3717A73E166}.Debug|Any CPU.Build.0 = Debug|Any CPU
		{9E5D520F-B817-4B00-BC62-A3717A73E166}.Release|Any CPU.ActiveCfg = Release|Any CPU
		{9E5D520F-B817-4B00-BC62-A3717A73E166}.Release|Any CPU.Build.0 = Release|Any CPU
		{9EA94F86-53BA-4C54-9964-69AFF0BD3634}.Debug|Any CPU.ActiveCfg = Debug|Any CPU
		{9EA94F86-53BA-4C54-9964-69AFF0BD3634}.Debug|Any CPU.Build.0 = Debug|Any CPU
		{9EA94F86-53BA-4C54-9964-69AFF0BD3634}.Release|Any CPU.ActiveCfg = Release|Any CPU
		{9EA94F86-53BA-4C54-9964-69AFF0BD3634}.Release|Any CPU.Build.0 = Release|Any CPU
		{2EFBEA20-3D64-4313-B7DB-CAB563CFD46A}.Debug|Any CPU.ActiveCfg = Debug|Any CPU
		{2EFBEA20-3D64-4313-B7DB-CAB563CFD46A}.Debug|Any CPU.Build.0 = Debug|Any CPU
		{2EFBEA20-3D64-4313-B7DB-CAB563CFD46A}.Release|Any CPU.ActiveCfg = Release|Any CPU
		{2EFBEA20-3D64-4313-B7DB-CAB563CFD46A}.Release|Any CPU.Build.0 = Release|Any CPU
		{EB811541-264A-4E5B-A1F1-1C119D71A2ED}.Debug|Any CPU.ActiveCfg = Debug|Any CPU
		{EB811541-264A-4E5B-A1F1-1C119D71A2ED}.Debug|Any CPU.Build.0 = Debug|Any CPU
		{EB811541-264A-4E5B-A1F1-1C119D71A2ED}.Release|Any CPU.ActiveCfg = Release|Any CPU
		{EB811541-264A-4E5B-A1F1-1C119D71A2ED}.Release|Any CPU.Build.0 = Release|Any CPU
		{3D47DE3F-B87E-4061-BF4B-F3AB825FD50A}.Debug|Any CPU.ActiveCfg = Debug|Any CPU
		{3D47DE3F-B87E-4061-BF4B-F3AB825FD50A}.Debug|Any CPU.Build.0 = Debug|Any CPU
		{3D47DE3F-B87E-4061-BF4B-F3AB825FD50A}.Release|Any CPU.ActiveCfg = Release|Any CPU
		{3D47DE3F-B87E-4061-BF4B-F3AB825FD50A}.Release|Any CPU.Build.0 = Release|Any CPU
		{7AADB83D-0E0C-47AB-82B4-6E4224DCA053}.Debug|Any CPU.ActiveCfg = Debug|Any CPU
		{7AADB83D-0E0C-47AB-82B4-6E4224DCA053}.Debug|Any CPU.Build.0 = Debug|Any CPU
		{7AADB83D-0E0C-47AB-82B4-6E4224DCA053}.Release|Any CPU.ActiveCfg = Release|Any CPU
		{7AADB83D-0E0C-47AB-82B4-6E4224DCA053}.Release|Any CPU.Build.0 = Release|Any CPU
		{41877D60-B219-47ED-918D-EC8A228F22C8}.Debug|Any CPU.ActiveCfg = Debug|Any CPU
		{41877D60-B219-47ED-918D-EC8A228F22C8}.Debug|Any CPU.Build.0 = Debug|Any CPU
		{41877D60-B219-47ED-918D-EC8A228F22C8}.Release|Any CPU.ActiveCfg = Release|Any CPU
		{41877D60-B219-47ED-918D-EC8A228F22C8}.Release|Any CPU.Build.0 = Release|Any CPU
		{8205F8A5-4BF9-4EA7-B5E6-2F40E344486D}.Debug|Any CPU.ActiveCfg = Debug|Any CPU
		{8205F8A5-4BF9-4EA7-B5E6-2F40E344486D}.Debug|Any CPU.Build.0 = Debug|Any CPU
		{8205F8A5-4BF9-4EA7-B5E6-2F40E344486D}.Release|Any CPU.ActiveCfg = Release|Any CPU
		{8205F8A5-4BF9-4EA7-B5E6-2F40E344486D}.Release|Any CPU.Build.0 = Release|Any CPU
		{2043EFD5-077F-41D1-A82A-F108C3F3F380}.Debug|Any CPU.ActiveCfg = Debug|Any CPU
		{2043EFD5-077F-41D1-A82A-F108C3F3F380}.Debug|Any CPU.Build.0 = Debug|Any CPU
		{2043EFD5-077F-41D1-A82A-F108C3F3F380}.Release|Any CPU.ActiveCfg = Release|Any CPU
		{2043EFD5-077F-41D1-A82A-F108C3F3F380}.Release|Any CPU.Build.0 = Release|Any CPU
		{71F2AE17-D52A-4629-8F83-08D34BFACE81}.Debug|Any CPU.ActiveCfg = Debug|Any CPU
		{71F2AE17-D52A-4629-8F83-08D34BFACE81}.Debug|Any CPU.Build.0 = Debug|Any CPU
		{71F2AE17-D52A-4629-8F83-08D34BFACE81}.Release|Any CPU.ActiveCfg = Release|Any CPU
		{71F2AE17-D52A-4629-8F83-08D34BFACE81}.Release|Any CPU.Build.0 = Release|Any CPU
		{57884186-3D92-40AE-AF27-838EC79309AD}.Debug|Any CPU.ActiveCfg = Debug|Any CPU
		{57884186-3D92-40AE-AF27-838EC79309AD}.Debug|Any CPU.Build.0 = Debug|Any CPU
		{57884186-3D92-40AE-AF27-838EC79309AD}.Release|Any CPU.ActiveCfg = Release|Any CPU
		{57884186-3D92-40AE-AF27-838EC79309AD}.Release|Any CPU.Build.0 = Release|Any CPU
		{629FF254-B548-440F-8E2F-BE0E02193499}.Debug|Any CPU.ActiveCfg = Debug|Any CPU
		{629FF254-B548-440F-8E2F-BE0E02193499}.Debug|Any CPU.Build.0 = Debug|Any CPU
		{629FF254-B548-440F-8E2F-BE0E02193499}.Release|Any CPU.ActiveCfg = Release|Any CPU
		{629FF254-B548-440F-8E2F-BE0E02193499}.Release|Any CPU.Build.0 = Release|Any CPU
		{ACD5A76E-2878-41D5-B8CE-1F850A14B2AB}.Debug|Any CPU.ActiveCfg = Debug|Any CPU
		{ACD5A76E-2878-41D5-B8CE-1F850A14B2AB}.Debug|Any CPU.Build.0 = Debug|Any CPU
		{ACD5A76E-2878-41D5-B8CE-1F850A14B2AB}.Release|Any CPU.ActiveCfg = Release|Any CPU
		{ACD5A76E-2878-41D5-B8CE-1F850A14B2AB}.Release|Any CPU.Build.0 = Release|Any CPU
		{1F24E373-77D8-4B5D-94BC-EE1226707046}.Debug|Any CPU.ActiveCfg = Debug|Any CPU
		{1F24E373-77D8-4B5D-94BC-EE1226707046}.Debug|Any CPU.Build.0 = Debug|Any CPU
		{1F24E373-77D8-4B5D-94BC-EE1226707046}.Release|Any CPU.ActiveCfg = Release|Any CPU
		{1F24E373-77D8-4B5D-94BC-EE1226707046}.Release|Any CPU.Build.0 = Release|Any CPU
		{2F054A12-1AEC-4FAA-9FAC-F3A88E17EF08}.Debug|Any CPU.ActiveCfg = Debug|Any CPU
		{2F054A12-1AEC-4FAA-9FAC-F3A88E17EF08}.Debug|Any CPU.Build.0 = Debug|Any CPU
		{2F054A12-1AEC-4FAA-9FAC-F3A88E17EF08}.Release|Any CPU.ActiveCfg = Release|Any CPU
		{2F054A12-1AEC-4FAA-9FAC-F3A88E17EF08}.Release|Any CPU.Build.0 = Release|Any CPU
		{9FB94DD6-B124-491F-8A61-2AFC977D022D}.Debug|Any CPU.ActiveCfg = Debug|Any CPU
		{9FB94DD6-B124-491F-8A61-2AFC977D022D}.Debug|Any CPU.Build.0 = Debug|Any CPU
		{9FB94DD6-B124-491F-8A61-2AFC977D022D}.Release|Any CPU.ActiveCfg = Release|Any CPU
		{9FB94DD6-B124-491F-8A61-2AFC977D022D}.Release|Any CPU.Build.0 = Release|Any CPU
		{CD98F88A-7147-4A2A-BD56-0E1901B302B9}.Debug|Any CPU.ActiveCfg = Debug|Any CPU
		{CD98F88A-7147-4A2A-BD56-0E1901B302B9}.Debug|Any CPU.Build.0 = Debug|Any CPU
		{CD98F88A-7147-4A2A-BD56-0E1901B302B9}.Release|Any CPU.ActiveCfg = Release|Any CPU
		{CD98F88A-7147-4A2A-BD56-0E1901B302B9}.Release|Any CPU.Build.0 = Release|Any CPU
		{9831D6B6-CE43-4969-B732-BA9B431506DA}.Debug|Any CPU.ActiveCfg = Debug|Any CPU
		{9831D6B6-CE43-4969-B732-BA9B431506DA}.Debug|Any CPU.Build.0 = Debug|Any CPU
		{9831D6B6-CE43-4969-B732-BA9B431506DA}.Release|Any CPU.ActiveCfg = Release|Any CPU
		{9831D6B6-CE43-4969-B732-BA9B431506DA}.Release|Any CPU.Build.0 = Release|Any CPU
		{833D41F8-CC85-4BE5-8B39-9A6212872AA4}.Debug|Any CPU.ActiveCfg = Debug|Any CPU
		{833D41F8-CC85-4BE5-8B39-9A6212872AA4}.Debug|Any CPU.Build.0 = Debug|Any CPU
		{833D41F8-CC85-4BE5-8B39-9A6212872AA4}.Release|Any CPU.ActiveCfg = Release|Any CPU
		{833D41F8-CC85-4BE5-8B39-9A6212872AA4}.Release|Any CPU.Build.0 = Release|Any CPU
		{A434A2C4-59EF-47A8-A25B-8B39DB511502}.Debug|Any CPU.ActiveCfg = Debug|Any CPU
		{A434A2C4-59EF-47A8-A25B-8B39DB511502}.Debug|Any CPU.Build.0 = Debug|Any CPU
		{A434A2C4-59EF-47A8-A25B-8B39DB511502}.Release|Any CPU.ActiveCfg = Release|Any CPU
		{A434A2C4-59EF-47A8-A25B-8B39DB511502}.Release|Any CPU.Build.0 = Release|Any CPU
		{43304F24-33C4-403E-B116-FEF41B4BB34F}.Debug|Any CPU.ActiveCfg = Debug|Any CPU
		{43304F24-33C4-403E-B116-FEF41B4BB34F}.Debug|Any CPU.Build.0 = Debug|Any CPU
		{43304F24-33C4-403E-B116-FEF41B4BB34F}.Release|Any CPU.ActiveCfg = Release|Any CPU
		{43304F24-33C4-403E-B116-FEF41B4BB34F}.Release|Any CPU.Build.0 = Release|Any CPU
		{0FB3C70E-A36A-40A0-BC80-253698DCCF8B}.Debug|Any CPU.ActiveCfg = Debug|Any CPU
		{0FB3C70E-A36A-40A0-BC80-253698DCCF8B}.Debug|Any CPU.Build.0 = Debug|Any CPU
		{0FB3C70E-A36A-40A0-BC80-253698DCCF8B}.Release|Any CPU.ActiveCfg = Release|Any CPU
		{0FB3C70E-A36A-40A0-BC80-253698DCCF8B}.Release|Any CPU.Build.0 = Release|Any CPU
		{0ADE1582-B9B9-4036-B0C2-0F28428ECB2E}.Debug|Any CPU.ActiveCfg = Debug|Any CPU
		{0ADE1582-B9B9-4036-B0C2-0F28428ECB2E}.Debug|Any CPU.Build.0 = Debug|Any CPU
		{0ADE1582-B9B9-4036-B0C2-0F28428ECB2E}.Release|Any CPU.ActiveCfg = Release|Any CPU
		{0ADE1582-B9B9-4036-B0C2-0F28428ECB2E}.Release|Any CPU.Build.0 = Release|Any CPU
		{01D2AB91-AE06-447F-92BF-95F106E2CC46}.Debug|Any CPU.ActiveCfg = Debug|Any CPU
		{01D2AB91-AE06-447F-92BF-95F106E2CC46}.Debug|Any CPU.Build.0 = Debug|Any CPU
		{01D2AB91-AE06-447F-92BF-95F106E2CC46}.Release|Any CPU.ActiveCfg = Release|Any CPU
		{01D2AB91-AE06-447F-92BF-95F106E2CC46}.Release|Any CPU.Build.0 = Release|Any CPU
		{4A79EC72-D30D-4430-9AF7-B4439BCE1D71}.Debug|Any CPU.ActiveCfg = Debug|Any CPU
		{4A79EC72-D30D-4430-9AF7-B4439BCE1D71}.Debug|Any CPU.Build.0 = Debug|Any CPU
		{4A79EC72-D30D-4430-9AF7-B4439BCE1D71}.Release|Any CPU.ActiveCfg = Release|Any CPU
		{4A79EC72-D30D-4430-9AF7-B4439BCE1D71}.Release|Any CPU.Build.0 = Release|Any CPU
		{EE0481A4-1355-4018-A38A-1D2871FC5805}.Debug|Any CPU.ActiveCfg = Debug|Any CPU
		{EE0481A4-1355-4018-A38A-1D2871FC5805}.Debug|Any CPU.Build.0 = Debug|Any CPU
		{EE0481A4-1355-4018-A38A-1D2871FC5805}.Release|Any CPU.ActiveCfg = Release|Any CPU
		{EE0481A4-1355-4018-A38A-1D2871FC5805}.Release|Any CPU.Build.0 = Release|Any CPU
		{4B205444-B18C-4CCD-B91F-916763CE3334}.Debug|Any CPU.ActiveCfg = Debug|Any CPU
		{4B205444-B18C-4CCD-B91F-916763CE3334}.Debug|Any CPU.Build.0 = Debug|Any CPU
		{4B205444-B18C-4CCD-B91F-916763CE3334}.Release|Any CPU.ActiveCfg = Release|Any CPU
		{4B205444-B18C-4CCD-B91F-916763CE3334}.Release|Any CPU.Build.0 = Release|Any CPU
		{E07703D4-6783-4CC8-9EB1-1D3E415D76B4}.Debug|Any CPU.ActiveCfg = Debug|Any CPU
		{E07703D4-6783-4CC8-9EB1-1D3E415D76B4}.Debug|Any CPU.Build.0 = Debug|Any CPU
		{E07703D4-6783-4CC8-9EB1-1D3E415D76B4}.Release|Any CPU.ActiveCfg = Release|Any CPU
		{E07703D4-6783-4CC8-9EB1-1D3E415D76B4}.Release|Any CPU.Build.0 = Release|Any CPU
		{03119871-4BF5-461D-B1AF-7E8E0794FE39}.Debug|Any CPU.ActiveCfg = Debug|Any CPU
		{03119871-4BF5-461D-B1AF-7E8E0794FE39}.Debug|Any CPU.Build.0 = Debug|Any CPU
		{03119871-4BF5-461D-B1AF-7E8E0794FE39}.Release|Any CPU.ActiveCfg = Release|Any CPU
		{03119871-4BF5-461D-B1AF-7E8E0794FE39}.Release|Any CPU.Build.0 = Release|Any CPU
		{91C79C58-A81A-43EB-BE58-59BBB89D84A4}.Debug|Any CPU.ActiveCfg = Debug|Any CPU
		{91C79C58-A81A-43EB-BE58-59BBB89D84A4}.Debug|Any CPU.Build.0 = Debug|Any CPU
		{91C79C58-A81A-43EB-BE58-59BBB89D84A4}.Release|Any CPU.ActiveCfg = Release|Any CPU
		{91C79C58-A81A-43EB-BE58-59BBB89D84A4}.Release|Any CPU.Build.0 = Release|Any CPU
		{980FDDA6-C566-4305-BE29-A74FD3215FA7}.Debug|Any CPU.ActiveCfg = Debug|Any CPU
		{980FDDA6-C566-4305-BE29-A74FD3215FA7}.Debug|Any CPU.Build.0 = Debug|Any CPU
		{980FDDA6-C566-4305-BE29-A74FD3215FA7}.Release|Any CPU.ActiveCfg = Release|Any CPU
		{980FDDA6-C566-4305-BE29-A74FD3215FA7}.Release|Any CPU.Build.0 = Release|Any CPU
		{4D8C9581-78C2-4AA0-B206-9B8541E28B75}.Debug|Any CPU.ActiveCfg = Debug|Any CPU
		{4D8C9581-78C2-4AA0-B206-9B8541E28B75}.Debug|Any CPU.Build.0 = Debug|Any CPU
		{4D8C9581-78C2-4AA0-B206-9B8541E28B75}.Release|Any CPU.ActiveCfg = Release|Any CPU
		{4D8C9581-78C2-4AA0-B206-9B8541E28B75}.Release|Any CPU.Build.0 = Release|Any CPU
		{1495A9A0-C9AC-481B-BBA0-B3AA7E3ED8CC}.Debug|Any CPU.ActiveCfg = Debug|Any CPU
		{1495A9A0-C9AC-481B-BBA0-B3AA7E3ED8CC}.Debug|Any CPU.Build.0 = Debug|Any CPU
		{1495A9A0-C9AC-481B-BBA0-B3AA7E3ED8CC}.Release|Any CPU.ActiveCfg = Release|Any CPU
		{1495A9A0-C9AC-481B-BBA0-B3AA7E3ED8CC}.Release|Any CPU.Build.0 = Release|Any CPU
		{1A69C701-6088-4044-9468-DA197BE37C16}.Debug|Any CPU.ActiveCfg = Debug|Any CPU
		{1A69C701-6088-4044-9468-DA197BE37C16}.Debug|Any CPU.Build.0 = Debug|Any CPU
		{1A69C701-6088-4044-9468-DA197BE37C16}.Release|Any CPU.ActiveCfg = Release|Any CPU
		{1A69C701-6088-4044-9468-DA197BE37C16}.Release|Any CPU.Build.0 = Release|Any CPU
		{440EE0A6-DD7C-4602-931F-C016C154425C}.Debug|Any CPU.ActiveCfg = Debug|Any CPU
		{440EE0A6-DD7C-4602-931F-C016C154425C}.Debug|Any CPU.Build.0 = Debug|Any CPU
		{440EE0A6-DD7C-4602-931F-C016C154425C}.Release|Any CPU.ActiveCfg = Release|Any CPU
		{440EE0A6-DD7C-4602-931F-C016C154425C}.Release|Any CPU.Build.0 = Release|Any CPU
		{A5E92D40-20A4-41A8-A05B-B1BC25DFB27F}.Debug|Any CPU.ActiveCfg = Debug|Any CPU
		{A5E92D40-20A4-41A8-A05B-B1BC25DFB27F}.Debug|Any CPU.Build.0 = Debug|Any CPU
		{A5E92D40-20A4-41A8-A05B-B1BC25DFB27F}.Release|Any CPU.ActiveCfg = Release|Any CPU
		{A5E92D40-20A4-41A8-A05B-B1BC25DFB27F}.Release|Any CPU.Build.0 = Release|Any CPU
	EndGlobalSection
	GlobalSection(SolutionProperties) = preSolution
		HideSolutionNode = FALSE
	EndGlobalSection
	GlobalSection(NestedProjects) = preSolution
		{9490A8FE-211A-4850-A7D5-3F0FD15C11C0} = {FA85605B-875E-481F-A90D-A025E539DB9F}
		{2B0A6E1C-C49B-40EF-8E6F-B7A3C68B0B3F} = {FA85605B-875E-481F-A90D-A025E539DB9F}
		{63295C69-A59F-4E1F-9F88-6A44373ABEF2} = {FA85605B-875E-481F-A90D-A025E539DB9F}
		{D80E7B63-605F-4E4D-9E0B-67E900642BB7} = {FA85605B-875E-481F-A90D-A025E539DB9F}
		{570EBB81-D785-4C8F-890F-A358508E8702} = {FA85605B-875E-481F-A90D-A025E539DB9F}
		{79AE1527-E80E-4362-8C12-C10A5BEE50CC} = {FA85605B-875E-481F-A90D-A025E539DB9F}
		{C2ED7743-1CAD-4A79-A5A8-18ED14C89995} = {FA85605B-875E-481F-A90D-A025E539DB9F}
		{110AA15A-2645-4F95-9147-28492F5BA62F} = {FA85605B-875E-481F-A90D-A025E539DB9F}
		{41DAE569-7DE0-4A61-A11A-45B624339079} = {AE6E692D-5E1D-4DF3-91D6-F4F488DB052C}
		{9045EBBE-AEF7-47CF-8CDC-6E39594FC132} = {AE6E692D-5E1D-4DF3-91D6-F4F488DB052C}
		{FC0653DA-9A9A-4519-B4BF-E83BAF4A9F70} = {AE6E692D-5E1D-4DF3-91D6-F4F488DB052C}
		{DB3500EF-B3B2-45CC-B922-540AF9791BC3} = {AE6E692D-5E1D-4DF3-91D6-F4F488DB052C}
		{C26DB1E7-CE36-434E-9A12-A318A29FDC46} = {AE6E692D-5E1D-4DF3-91D6-F4F488DB052C}
		{696DB1D9-1AB4-430B-A000-4C8B98794F1B} = {008F9C87-4FA5-4781-A65D-07E14C7FA031}
		{70FD86D2-C3EB-4D59-8C59-D423477E9157} = {008F9C87-4FA5-4781-A65D-07E14C7FA031}
		{72D2BAA7-261D-422C-8DC2-A04D8370B9F3} = {008F9C87-4FA5-4781-A65D-07E14C7FA031}
		{026E870C-3655-497C-9781-659C0625427C} = {008F9C87-4FA5-4781-A65D-07E14C7FA031}
		{3C93C463-C377-4287-8D2D-BBADF3A7A3B8} = {008F9C87-4FA5-4781-A65D-07E14C7FA031}
		{63E6EA88-2F8D-40F5-8073-B5B2E32FED33} = {008F9C87-4FA5-4781-A65D-07E14C7FA031}
		{F7E0BC14-DAC8-4762-A7CF-2F46E327631F} = {008F9C87-4FA5-4781-A65D-07E14C7FA031}
		{CD8A6CBD-7FA0-4496-BE9E-FA634F24B5FC} = {008F9C87-4FA5-4781-A65D-07E14C7FA031}
		{585CFB36-65AD-4998-AAA2-EE52948C1BE7} = {008F9C87-4FA5-4781-A65D-07E14C7FA031}
		{59E10E83-6FBA-4049-AB95-112B3B248C9B} = {008F9C87-4FA5-4781-A65D-07E14C7FA031}
		{BBD87625-FCA4-4E53-9C86-B8AF1B810B76} = {008F9C87-4FA5-4781-A65D-07E14C7FA031}
		{CD9BFDD9-7856-46C9-82AB-29E6D663F016} = {008F9C87-4FA5-4781-A65D-07E14C7FA031}
		{CBEC7FDE-5C53-4957-9126-C498E7CC88BB} = {008F9C87-4FA5-4781-A65D-07E14C7FA031}
		{D23B5630-3EC6-4549-9F34-A5651223C1D1} = {760522C2-8377-47EB-9AF0-B8219FB80814}
		{6D272E38-FAA0-4C21-8274-78B5F67F8A46} = {760522C2-8377-47EB-9AF0-B8219FB80814}
		{D9718BEA-AFB3-40BA-A193-687F17458B65} = {760522C2-8377-47EB-9AF0-B8219FB80814}
		{2F4DE985-0689-469E-A56F-E7BB35BD5473} = {760522C2-8377-47EB-9AF0-B8219FB80814}
		{13FDBCA0-7727-4892-9202-E4393AE6BF36} = {760522C2-8377-47EB-9AF0-B8219FB80814}
		{3F0BC065-3520-40C0-A047-E713B2337484} = {760522C2-8377-47EB-9AF0-B8219FB80814}
		{A7A9AA7D-6DDC-42AB-BC09-1A1CE16D747D} = {760522C2-8377-47EB-9AF0-B8219FB80814}
		{17085677-0ADF-4600-983F-FB29B2F279D1} = {760522C2-8377-47EB-9AF0-B8219FB80814}
		{9017C4B8-3A35-4BEB-A79F-27CDE0859F62} = {760522C2-8377-47EB-9AF0-B8219FB80814}
		{68C5B788-A1F3-4053-BE95-825084ACB5B7} = {760522C2-8377-47EB-9AF0-B8219FB80814}
		{296F5A27-9EFB-4E71-B619-280586437016} = {760522C2-8377-47EB-9AF0-B8219FB80814}
		{18A94A17-DCA2-4264-B132-A22E351F4535} = {760522C2-8377-47EB-9AF0-B8219FB80814}
		{64F0E385-C4C9-4F6E-A1B0-4995F78E14BC} = {760522C2-8377-47EB-9AF0-B8219FB80814}
		{3EC40F19-CE68-4FBB-8184-1D5F9C6E6444} = {760522C2-8377-47EB-9AF0-B8219FB80814}
		{3DA42707-949A-4CE9-BC80-BB8CB33603EF} = {760522C2-8377-47EB-9AF0-B8219FB80814}
		{EA9E0C7C-9ABB-47F1-A187-ADD5B03A9AFA} = {760522C2-8377-47EB-9AF0-B8219FB80814}
		{76512A44-2D86-497A-9F3F-692A0808063C} = {760522C2-8377-47EB-9AF0-B8219FB80814}
		{B9F05718-80F3-41FD-875A-20011B45631B} = {760522C2-8377-47EB-9AF0-B8219FB80814}
		{9B53C505-60B9-4105-AD65-B6C2F11DC0CA} = {760522C2-8377-47EB-9AF0-B8219FB80814}
		{2E9B5169-95D7-42D9-B196-DBA994838B3F} = {760522C2-8377-47EB-9AF0-B8219FB80814}
		{88CC511D-0C49-4E93-B9B4-1344AA6D0D1B} = {C36BF7C8-CA0D-482B-B399-B3682C7B4746}
		{032BD219-927E-4744-905C-D77C39A31DEE} = {C36BF7C8-CA0D-482B-B399-B3682C7B4746}
		{E1EB8E98-3CE5-4D1C-9C49-F1A07A65AD4B} = {C36BF7C8-CA0D-482B-B399-B3682C7B4746}
		{41B2127E-5555-4E73-88B5-A51E15AB31E6} = {C36BF7C8-CA0D-482B-B399-B3682C7B4746}
		{C3DA6B2D-FE49-403C-8538-F2C1F78C8D17} = {C36BF7C8-CA0D-482B-B399-B3682C7B4746}
		{8A6D7BFE-297C-474D-B771-2EE3D1DF4AC6} = {C36BF7C8-CA0D-482B-B399-B3682C7B4746}
		{4DF31C78-2BE2-43F1-9327-7AB68BA919EA} = {C36BF7C8-CA0D-482B-B399-B3682C7B4746}
		{F712B97D-92FB-44DC-85B8-CF63AD7FEA5D} = {C36BF7C8-CA0D-482B-B399-B3682C7B4746}
		{DDA7ED32-02C3-453B-B361-31B8C09E00DC} = {C36BF7C8-CA0D-482B-B399-B3682C7B4746}
		{B7445049-C5AF-4E76-9BE7-721C7C5500F6} = {C36BF7C8-CA0D-482B-B399-B3682C7B4746}
		{7D22669D-DB03-4DFB-85CC-2255FBB14814} = {E3CF15A9-C6A7-47FA-909B-1B48631A8984}
		{416E685F-3C16-48DC-893E-5EDE7DA851E4} = {E3CF15A9-C6A7-47FA-909B-1B48631A8984}
		{AAB792C6-116D-472F-B1B0-63DECD1D3308} = {E3CF15A9-C6A7-47FA-909B-1B48631A8984}
		{64077418-9EBF-4DA7-AD0F-7CACE2FCE408} = {E3CF15A9-C6A7-47FA-909B-1B48631A8984}
		{E53651B8-2AC8-4528-890E-6E16278EADBA} = {E3CF15A9-C6A7-47FA-909B-1B48631A8984}
		{FE3415F1-AFA5-40B5-8EF7-6A20DF805791} = {E3CF15A9-C6A7-47FA-909B-1B48631A8984}
		{7060DF7E-92F4-460B-92A6-121B93009006} = {E3CF15A9-C6A7-47FA-909B-1B48631A8984}
		{10BDCA71-160A-44F1-8995-9F6C8F658495} = {E3CF15A9-C6A7-47FA-909B-1B48631A8984}
		{7A905F87-0A0F-47D1-A95F-5E9216EBAD49} = {E3CF15A9-C6A7-47FA-909B-1B48631A8984}
		{E0E72750-CF8C-40CB-846C-05573E784134} = {E3CF15A9-C6A7-47FA-909B-1B48631A8984}
		{2364F00F-1DBF-454B-9C04-4158ACCE954F} = {E3CF15A9-C6A7-47FA-909B-1B48631A8984}
		{A800BA22-C7DE-47D6-850E-751AE8AE5AA0} = {3D60F384-9769-44B9-B6BF-5F3829BD867D}
		{DE9332EB-AFD0-4FE4-A9EF-DCD82917F8A4} = {3D60F384-9769-44B9-B6BF-5F3829BD867D}
		{FF5ACD71-F842-442B-A94C-5BD3EA163B36} = {3D60F384-9769-44B9-B6BF-5F3829BD867D}
		{73F27658-C883-4BEC-B674-E0A68C1BF49D} = {3D60F384-9769-44B9-B6BF-5F3829BD867D}
		{07CDE199-D3AC-4948-A8E9-55997E7795BC} = {3D60F384-9769-44B9-B6BF-5F3829BD867D}
		{824C2F72-480D-40FF-945E-6CEF21D8E0D6} = {3D60F384-9769-44B9-B6BF-5F3829BD867D}
		{DD0320BE-DA22-4853-B54E-8C1A4ECA8BEB} = {3D60F384-9769-44B9-B6BF-5F3829BD867D}
		{39BD506D-B70D-4764-AE63-3767C615ACBE} = {3D60F384-9769-44B9-B6BF-5F3829BD867D}
		{A81AD479-C793-4DED-B881-F2AE66F9938F} = {3D60F384-9769-44B9-B6BF-5F3829BD867D}
		{1C603388-C7B6-4675-96C4-90A0D00199EF} = {3D60F384-9769-44B9-B6BF-5F3829BD867D}
		{BD096858-B9E2-4CAA-812A-B774BB53E626} = {3D60F384-9769-44B9-B6BF-5F3829BD867D}
		{139C32D3-1101-4792-B6FD-087371FD6602} = {3D60F384-9769-44B9-B6BF-5F3829BD867D}
		{359D36BB-078D-4215-A5F5-CA57013B7F21} = {3D60F384-9769-44B9-B6BF-5F3829BD867D}
		{53A34F93-6C80-4B9A-A60E-DB13DB56E99B} = {3D60F384-9769-44B9-B6BF-5F3829BD867D}
		{141067A5-E211-4F30-A185-FD72410CDB5E} = {3D60F384-9769-44B9-B6BF-5F3829BD867D}
		{D253136E-D1F1-4992-8DDA-136332304D8E} = {3D60F384-9769-44B9-B6BF-5F3829BD867D}
		{13ECEBA5-13AF-4BA0-981D-6DCB08836C36} = {3D60F384-9769-44B9-B6BF-5F3829BD867D}
		{01268C45-553B-4255-8980-BB6F99679432} = {3D60F384-9769-44B9-B6BF-5F3829BD867D}
		{409AF376-26A0-4E0C-908A-0149F48BEEA8} = {3D60F384-9769-44B9-B6BF-5F3829BD867D}
		{890BA91D-8734-4E23-AB6F-EACF7830A44D} = {3D60F384-9769-44B9-B6BF-5F3829BD867D}
		{79778670-627F-45F5-B049-CCF420922251} = {3D60F384-9769-44B9-B6BF-5F3829BD867D}
		{6FC80688-92B8-4A94-8FDB-0739BA2C0AB2} = {44E7B436-8290-469F-ABC1-4AAC38E2E390}
		{7F509705-BE47-4D50-B074-1C9A6AB6E025} = {44E7B436-8290-469F-ABC1-4AAC38E2E390}
		{F17D69CF-2153-4C2B-93E1-0384E86F612D} = {44E7B436-8290-469F-ABC1-4AAC38E2E390}
		{5360A01A-A3AE-4536-B07F-9B5013E26674} = {44E7B436-8290-469F-ABC1-4AAC38E2E390}
		{5C5B4B43-A3DE-443D-915C-E1BB37114881} = {44E7B436-8290-469F-ABC1-4AAC38E2E390}
		{54263692-52E7-4565-BCE6-EA897A91FFDF} = {44E7B436-8290-469F-ABC1-4AAC38E2E390}
		{A82D7276-6A3F-4868-A406-0758A9C5A14D} = {44E7B436-8290-469F-ABC1-4AAC38E2E390}
		{12BE4987-31AA-4DAA-AA59-5738FE33C9B3} = {44E7B436-8290-469F-ABC1-4AAC38E2E390}
		{A5BE71B9-D354-454E-8B19-184629734B0A} = {2A935D48-0B23-4E5B-ABB9-201B3FFBD94A}
		{2D7F3EDF-7E2D-40D0-8C8C-FCA008A0BCFA} = {2A935D48-0B23-4E5B-ABB9-201B3FFBD94A}
		{9E5D520F-B817-4B00-BC62-A3717A73E166} = {2A935D48-0B23-4E5B-ABB9-201B3FFBD94A}
		{9EA94F86-53BA-4C54-9964-69AFF0BD3634} = {2A935D48-0B23-4E5B-ABB9-201B3FFBD94A}
		{2EFBEA20-3D64-4313-B7DB-CAB563CFD46A} = {2A935D48-0B23-4E5B-ABB9-201B3FFBD94A}
		{EB811541-264A-4E5B-A1F1-1C119D71A2ED} = {2A935D48-0B23-4E5B-ABB9-201B3FFBD94A}
		{3D47DE3F-B87E-4061-BF4B-F3AB825FD50A} = {63C36608-D945-48D9-8270-F10CFC043DC1}
		{7AADB83D-0E0C-47AB-82B4-6E4224DCA053} = {63C36608-D945-48D9-8270-F10CFC043DC1}
		{41877D60-B219-47ED-918D-EC8A228F22C8} = {63C36608-D945-48D9-8270-F10CFC043DC1}
		{8205F8A5-4BF9-4EA7-B5E6-2F40E344486D} = {63C36608-D945-48D9-8270-F10CFC043DC1}
		{2043EFD5-077F-41D1-A82A-F108C3F3F380} = {63C36608-D945-48D9-8270-F10CFC043DC1}
		{71F2AE17-D52A-4629-8F83-08D34BFACE81} = {63C36608-D945-48D9-8270-F10CFC043DC1}
		{57884186-3D92-40AE-AF27-838EC79309AD} = {63C36608-D945-48D9-8270-F10CFC043DC1}
		{629FF254-B548-440F-8E2F-BE0E02193499} = {63C36608-D945-48D9-8270-F10CFC043DC1}
		{ACD5A76E-2878-41D5-B8CE-1F850A14B2AB} = {63C36608-D945-48D9-8270-F10CFC043DC1}
		{1F24E373-77D8-4B5D-94BC-EE1226707046} = {63C36608-D945-48D9-8270-F10CFC043DC1}
		{2F054A12-1AEC-4FAA-9FAC-F3A88E17EF08} = {63C36608-D945-48D9-8270-F10CFC043DC1}
		{9FB94DD6-B124-491F-8A61-2AFC977D022D} = {63C36608-D945-48D9-8270-F10CFC043DC1}
		{CD98F88A-7147-4A2A-BD56-0E1901B302B9} = {63C36608-D945-48D9-8270-F10CFC043DC1}
		{9831D6B6-CE43-4969-B732-BA9B431506DA} = {63C36608-D945-48D9-8270-F10CFC043DC1}
		{833D41F8-CC85-4BE5-8B39-9A6212872AA4} = {4C6E3977-351D-43A3-A6EA-9DA2272B7D00}
		{A434A2C4-59EF-47A8-A25B-8B39DB511502} = {4C6E3977-351D-43A3-A6EA-9DA2272B7D00}
		{43304F24-33C4-403E-B116-FEF41B4BB34F} = {4C6E3977-351D-43A3-A6EA-9DA2272B7D00}
		{0FB3C70E-A36A-40A0-BC80-253698DCCF8B} = {4C6E3977-351D-43A3-A6EA-9DA2272B7D00}
		{0ADE1582-B9B9-4036-B0C2-0F28428ECB2E} = {4C6E3977-351D-43A3-A6EA-9DA2272B7D00}
		{01D2AB91-AE06-447F-92BF-95F106E2CC46} = {4C6E3977-351D-43A3-A6EA-9DA2272B7D00}
		{4A79EC72-D30D-4430-9AF7-B4439BCE1D71} = {4C6E3977-351D-43A3-A6EA-9DA2272B7D00}
		{EE0481A4-1355-4018-A38A-1D2871FC5805} = {4C6E3977-351D-43A3-A6EA-9DA2272B7D00}
		{4B205444-B18C-4CCD-B91F-916763CE3334} = {4C6E3977-351D-43A3-A6EA-9DA2272B7D00}
		{E07703D4-6783-4CC8-9EB1-1D3E415D76B4} = {4C6E3977-351D-43A3-A6EA-9DA2272B7D00}
		{03119871-4BF5-461D-B1AF-7E8E0794FE39} = {4C6E3977-351D-43A3-A6EA-9DA2272B7D00}
		{91C79C58-A81A-43EB-BE58-59BBB89D84A4} = {4C6E3977-351D-43A3-A6EA-9DA2272B7D00}
		{980FDDA6-C566-4305-BE29-A74FD3215FA7} = {4C6E3977-351D-43A3-A6EA-9DA2272B7D00}
		{4D8C9581-78C2-4AA0-B206-9B8541E28B75} = {4C6E3977-351D-43A3-A6EA-9DA2272B7D00}
		{1495A9A0-C9AC-481B-BBA0-B3AA7E3ED8CC} = {4C6E3977-351D-43A3-A6EA-9DA2272B7D00}
		{1A69C701-6088-4044-9468-DA197BE37C16} = {4C6E3977-351D-43A3-A6EA-9DA2272B7D00}
		{440EE0A6-DD7C-4602-931F-C016C154425C} = {4C6E3977-351D-43A3-A6EA-9DA2272B7D00}
		{A5E92D40-20A4-41A8-A05B-B1BC25DFB27F} = {4415AD0C-D56F-4D69-819A-41C6972FC2E1}
	EndGlobalSection
	GlobalSection(ExtensibilityGlobals) = postSolution
		SolutionGuid = {9E56787D-E38B-443F-AB68-434BCD41AF71}
	EndGlobalSection
EndGlobal
